PODS:
  - Nimble (10.0.0)
  - Quick (5.0.1)
  - R.swift (7.3.2)
  - SwiftLint (0.59.1)

DEPENDENCIES:
  - Nimble
  - Quick
  - R.swift
  - SwiftLint

SPEC REPOS:
  trunk:
    - Nimble
    - Quick
    - R.swift
    - SwiftLint

SPEC CHECKSUMS:
  Nimble: 5316ef81a170ce87baf72dd961f22f89a602ff84
  Quick: 749aa754fd1e7d984f2000fe051e18a3a9809179
  R.swift: 0af0d882f49f03711415cb4e5215daa977d8a480
  SwiftLint: 3d48e2fb2a3468fdaccf049e5e755df22fb40c2c

PODFILE CHECKSUM: ca7638c2435d0a6c823cdeeae50436c59c819eb0

COCOAPODS: 1.16.2
