PODS:
  - Nimble (9.2.0)
  - Quick (4.0.0)
  - R.swift (5.4.0):
    - R.swift.Library (~> 5.3.0)
  - R.swift.Library (5.3.0)
  - SwiftLint (0.43.1)

DEPENDENCIES:
  - Nimble
  - Quick
  - R.swift
  - SwiftLint

SPEC REPOS:
  trunk:
    - Nimble
    - Quick
    - R.swift
    - R.swift.Library
    - SwiftLint

SPEC CHECKSUMS:
  Nimble: 4f4a345c80b503b3ea13606a4f98405974ee4d0b
  Quick: 6473349e43b9271a8d43839d9ba1c442ed1b7ac4
  R.swift: c533450b0f7dc494e0993f5f1a1db925d84c3006
  R.swift.Library: 0fc583cb55a99e28901299cc451614cad1161962
  SwiftLint: 99f82d07b837b942dd563c668de129a03fc3fb52

PODFILE CHECKSUM: ca7638c2435d0a6c823cdeeae50436c59c819eb0

COCOAPODS: 1.10.1
