PODS:
  - Nimble (9.0.0)
  - Quick (3.1.2)
  - R.swift (5.4.0):
    - R.swift.Library (~> 5.3.0)
  - R.swift.Library (5.3.0)
  - SwiftLint (0.43.1)

DEPENDENCIES:
  - Nimble
  - Quick
  - R.swift
  - SwiftLint

SPEC REPOS:
  trunk:
    - Nimble
    - Quick
    - R.swift
    - R.swift.Library
    - SwiftLint

SPEC CHECKSUMS:
  Nimble: 3b4ec3fd40f1dc178058e0981107721c615643d8
  Quick: 60f0ea3b8e0cfc0df3259a5c06a238ad8b3c46e0
  R.swift: c533450b0f7dc494e0993f5f1a1db925d84c3006
  R.swift.Library: 0fc583cb55a99e28901299cc451614cad1161962
  SwiftLint: 99f82d07b837b942dd563c668de129a03fc3fb52

PODFILE CHECKSUM: cd82c98ab042293cf06cc82ae8da3ec82cf7c6cf

COCOAPODS: 1.10.1
