// !$*UTF8*$!
{
	archiveVersion = 1;
	classes = {
	};
	objectVersion = 51;
	objects = {

/* Begin PBXBuildFile section */
		09D5CA5B27D04F1C12EF958D /* Pods_ColorPatternsTests.framework in Frameworks */ = {isa = PBXBuildFile; fileRef = 7D4F57B4910FE0FB853D8AD9 /* Pods_ColorPatternsTests.framework */; };
		8433BF4322766CA700EDC257 /* AppDelegate.swift in Sources */ = {isa = PBXBuildFile; fileRef = 8433BF4222766CA700EDC257 /* AppDelegate.swift */; };
		8433BF4D22766CA800EDC257 /* LaunchScreen.storyboard in Resources */ = {isa = PBXBuildFile; fileRef = 8433BF4B22766CA800EDC257 /* LaunchScreen.storyboard */; };
		BA02700422BC491000846DDC /* README.md in Resources */ = {isa = PBXBuildFile; fileRef = BA02700322BC491000846DDC /* README.md */; };
		BA0C0CE82401B9C700C8A892 /* SharedColorTile.swift in Sources */ = {isa = PBXBuildFile; fileRef = BA0C0CE72401B9C700C8A892 /* SharedColorTile.swift */; };
		BA141A3923CBCDC70039A5DC /* R.generated.swift in Sources */ = {isa = PBXBuildFile; fileRef = BA141A3823CBCDC70039A5DC /* R.generated.swift */; };
		BA20610523CD32FB00BA3222 /* Int+StringConverter.swift in Sources */ = {isa = PBXBuildFile; fileRef = BA20610423CD32FB00BA3222 /* Int+StringConverter.swift */; };
		BA280040241980780040674D /* String+URLConverter.swift in Sources */ = {isa = PBXBuildFile; fileRef = BA28003F241980780040674D /* String+URLConverter.swift */; };
		BA2AD583240D87B0006245E9 /* PauseViewController.swift in Sources */ = {isa = PBXBuildFile; fileRef = BA2AD581240D87B0006245E9 /* PauseViewController.swift */; };
		BA2AD584240D87B0006245E9 /* PauseViewController.xib in Resources */ = {isa = PBXBuildFile; fileRef = BA2AD582240D87B0006245E9 /* PauseViewController.xib */; };
		BA3554C423533779007BC724 /* SettingsBundleHelper.swift in Sources */ = {isa = PBXBuildFile; fileRef = BA3554C323533779007BC724 /* SettingsBundleHelper.swift */; };
		BA3554C62353379E007BC724 /* Settings.bundle in Resources */ = {isa = PBXBuildFile; fileRef = BA3554C52353379D007BC724 /* Settings.bundle */; };
		BA59EA8223DCB963001E6502 /* FakeGameTimer.swift in Sources */ = {isa = PBXBuildFile; fileRef = BA59EA8123DCB963001E6502 /* FakeGameTimer.swift */; };
		BA63DBBB2516533C000C77BA /* Starling.swift in Sources */ = {isa = PBXBuildFile; fileRef = BA63DBBA2516533C000C77BA /* Starling.swift */; };
		BA64C17D23F77FF100DE4FC1 /* UIColor+RandomColor.swift in Sources */ = {isa = PBXBuildFile; fileRef = BA64C17C23F77FF100DE4FC1 /* UIColor+RandomColor.swift */; };
		BA6B10AB241D7E2700A4B90E /* animation.gif in Resources */ = {isa = PBXBuildFile; fileRef = BA6B10AA241D7E2700A4B90E /* animation.gif */; };
		BA8A2C2823533B11002744CB /* GameSounds.swift in Sources */ = {isa = PBXBuildFile; fileRef = BA8A2C2723533B11002744CB /* GameSounds.swift */; };
		BA8A2C2A23533F85002744CB /* Score.swift in Sources */ = {isa = PBXBuildFile; fileRef = BA8A2C2923533F85002744CB /* Score.swift */; };
		BA9484FD23535E0800375037 /* GameTimer.swift in Sources */ = {isa = PBXBuildFile; fileRef = BA9484FC23535E0800375037 /* GameTimer.swift */; };
		BA94BCF922C38FB800D8157E /* Assets.xcassets in Resources */ = {isa = PBXBuildFile; fileRef = BA94BCF822C38FB800D8157E /* Assets.xcassets */; };
		BA9CFF4423E23D7000AA6A3D /* 990-inattentive.json in Resources */ = {isa = PBXBuildFile; fileRef = BA9CFF4323E23D7000AA6A3D /* 990-inattentive.json */; };
		BAADABA123DA57DF00F36C8C /* StartMenuCreator.swift in Sources */ = {isa = PBXBuildFile; fileRef = BAADABA023DA57DF00F36C8C /* StartMenuCreator.swift */; };
		BAADABA423DA586900F36C8C /* StartMenuController.swift in Sources */ = {isa = PBXBuildFile; fileRef = BAADABA223DA586900F36C8C /* StartMenuController.swift */; };
		BAADABA523DA586900F36C8C /* StartMenuController.xib in Resources */ = {isa = PBXBuildFile; fileRef = BAADABA323DA586900F36C8C /* StartMenuController.xib */; };
		BAADABA723DA588D00F36C8C /* StartMenuViewModel.swift in Sources */ = {isa = PBXBuildFile; fileRef = BAADABA623DA588D00F36C8C /* StartMenuViewModel.swift */; };
		BAC0B53923F341EF0073066A /* GameKit.framework in Frameworks */ = {isa = PBXBuildFile; fileRef = BAC0B53823F341EF0073066A /* GameKit.framework */; };
		BAC495C623D89CC60041088C /* Error+FriendlyMessage.swift in Sources */ = {isa = PBXBuildFile; fileRef = BAC495C523D89CC60041088C /* Error+FriendlyMessage.swift */; };
		BAC495C823D8B7940041088C /* Localizable.strings in Resources */ = {isa = PBXBuildFile; fileRef = BAC495C723D8B7940041088C /* Localizable.strings */; };
		BAC495CA23D8BA130041088C /* GameEngineTests.swift in Sources */ = {isa = PBXBuildFile; fileRef = BAC495C923D8BA130041088C /* GameEngineTests.swift */; };
		BAC495CC23D8BDC70041088C /* GameViewModelTests.swift in Sources */ = {isa = PBXBuildFile; fileRef = BAC495CB23D8BDC70041088C /* GameViewModelTests.swift */; };
		BACBC10723DB0FF400D5E4F7 /* StartMenuCreatorTests.swift in Sources */ = {isa = PBXBuildFile; fileRef = BACBC10623DB0FF400D5E4F7 /* StartMenuCreatorTests.swift */; };
		BACBC10923DB2F5A00D5E4F7 /* StartMenuViewModelTests.swift in Sources */ = {isa = PBXBuildFile; fileRef = BACBC10823DB2F5A00D5E4F7 /* StartMenuViewModelTests.swift */; };
		BAD1026823526BF900A3276F /* GameEngine.swift in Sources */ = {isa = PBXBuildFile; fileRef = BAD1026723526BF900A3276F /* GameEngine.swift */; };
		BAD14BB123DA041B00FF2D15 /* GameOverCreator.swift in Sources */ = {isa = PBXBuildFile; fileRef = BAD14BB023DA041B00FF2D15 /* GameOverCreator.swift */; };
		BAD14BB423DA049600FF2D15 /* GameOverController.swift in Sources */ = {isa = PBXBuildFile; fileRef = BAD14BB223DA049600FF2D15 /* GameOverController.swift */; };
		BAD14BB523DA049600FF2D15 /* GameOverController.xib in Resources */ = {isa = PBXBuildFile; fileRef = BAD14BB323DA049600FF2D15 /* GameOverController.xib */; };
		BAD14BB723DA04F500FF2D15 /* GameOverViewModel.swift in Sources */ = {isa = PBXBuildFile; fileRef = BAD14BB623DA04F500FF2D15 /* GameOverViewModel.swift */; };
		BAD14BB923DA0DAD00FF2D15 /* SharedButton.swift in Sources */ = {isa = PBXBuildFile; fileRef = BAD14BB823DA0DAD00FF2D15 /* SharedButton.swift */; };
		BAD14BC423DA2A6000FF2D15 /* GameOverCreatorTests.swift in Sources */ = {isa = PBXBuildFile; fileRef = BAD14BC323DA2A6000FF2D15 /* GameOverCreatorTests.swift */; };
		BAD7ADA623D87E9F00537D7F /* UnitTestError.swift in Sources */ = {isa = PBXBuildFile; fileRef = BAD7ADA523D87E9F00537D7F /* UnitTestError.swift */; };
		BAD7ADA923D87F1800537D7F /* GameCreatorTests.swift in Sources */ = {isa = PBXBuildFile; fileRef = BAD7ADA823D87F1800537D7F /* GameCreatorTests.swift */; };
		BAD7ADAB23D880F900537D7F /* GameTimerTests.swift in Sources */ = {isa = PBXBuildFile; fileRef = BAD7ADAA23D880F900537D7F /* GameTimerTests.swift */; };
		BAD7ADAD23D8849D00537D7F /* FakeGameController.swift in Sources */ = {isa = PBXBuildFile; fileRef = BAD7ADAC23D8849D00537D7F /* FakeGameController.swift */; };
		BAF38E5C23F45F9000BD772F /* Level+ChooseLeaderboard.swift in Sources */ = {isa = PBXBuildFile; fileRef = BAF38E5B23F45F9000BD772F /* Level+ChooseLeaderboard.swift */; };
		BAF6F08B23F5689100B03374 /* logo.png in Resources */ = {isa = PBXBuildFile; fileRef = BAF6F08A23F5689100B03374 /* logo.png */; };
		BAF7A82823F808AD005A61B1 /* Double+CGFloatConverter.swift in Sources */ = {isa = PBXBuildFile; fileRef = BAF7A82723F808AD005A61B1 /* Double+CGFloatConverter.swift */; };
		BAFAC25223CC912F00C74D92 /* GameCreator.swift in Sources */ = {isa = PBXBuildFile; fileRef = BAFAC25123CC912F00C74D92 /* GameCreator.swift */; };
		BAFAC25423CC91A300C74D92 /* GameViewModel.swift in Sources */ = {isa = PBXBuildFile; fileRef = BAFAC25323CC91A300C74D92 /* GameViewModel.swift */; };
		BAFAC25723CC91D700C74D92 /* GameController.swift in Sources */ = {isa = PBXBuildFile; fileRef = BAFAC25523CC91D700C74D92 /* GameController.swift */; };
		BAFAC25823CC91D700C74D92 /* GameController.xib in Resources */ = {isa = PBXBuildFile; fileRef = BAFAC25623CC91D700C74D92 /* GameController.xib */; };
		BAFAC25A23CC956D00C74D92 /* Colors.xcassets in Resources */ = {isa = PBXBuildFile; fileRef = BAFAC25923CC956D00C74D92 /* Colors.xcassets */; };
		BAFEF41B2402D4DE001FC2C3 /* note5.caf in Resources */ = {isa = PBXBuildFile; fileRef = BAFEF4152402D4DE001FC2C3 /* note5.caf */; };
		BAFEF41C2402D4DE001FC2C3 /* note3.caf in Resources */ = {isa = PBXBuildFile; fileRef = BAFEF4162402D4DE001FC2C3 /* note3.caf */; };
		BAFEF41D2402D4DE001FC2C3 /* note1.caf in Resources */ = {isa = PBXBuildFile; fileRef = BAFEF4172402D4DE001FC2C3 /* note1.caf */; };
		BAFEF41E2402D4DE001FC2C3 /* note2.caf in Resources */ = {isa = PBXBuildFile; fileRef = BAFEF4182402D4DE001FC2C3 /* note2.caf */; };
		BAFEF41F2402D4DE001FC2C3 /* note6.caf in Resources */ = {isa = PBXBuildFile; fileRef = BAFEF4192402D4DE001FC2C3 /* note6.caf */; };
		BAFEF4202402D4DE001FC2C3 /* note4.caf in Resources */ = {isa = PBXBuildFile; fileRef = BAFEF41A2402D4DE001FC2C3 /* note4.caf */; };
		BAFEF4222402D749001FC2C3 /* InfoCreator.swift in Sources */ = {isa = PBXBuildFile; fileRef = BAFEF4212402D749001FC2C3 /* InfoCreator.swift */; };
		BAFEF4252402D791001FC2C3 /* InfoController.swift in Sources */ = {isa = PBXBuildFile; fileRef = BAFEF4232402D791001FC2C3 /* InfoController.swift */; };
		BAFEF4262402D791001FC2C3 /* InfoController.xib in Resources */ = {isa = PBXBuildFile; fileRef = BAFEF4242402D791001FC2C3 /* InfoController.xib */; };
		BAFEF4282402D7D9001FC2C3 /* InfoViewModel.swift in Sources */ = {isa = PBXBuildFile; fileRef = BAFEF4272402D7D9001FC2C3 /* InfoViewModel.swift */; };
		BAFF547823D77F8300CC25ED /* Constants.swift in Sources */ = {isa = PBXBuildFile; fileRef = BAFF547723D77F8300CC25ED /* Constants.swift */; };
		DD9FFBE7BDBA54D26E4E865F /* Pods_ColorPatterns.framework in Frameworks */ = {isa = PBXBuildFile; fileRef = 8F079FF8B3FBE553E972EE24 /* Pods_ColorPatterns.framework */; };
/* End PBXBuildFile section */

/* Begin PBXContainerItemProxy section */
		BAC92D9722BA7B2B00D3B025 /* PBXContainerItemProxy */ = {
			isa = PBXContainerItemProxy;
			containerPortal = 8433BF3722766CA700EDC257 /* Project object */;
			proxyType = 1;
			remoteGlobalIDString = 8433BF3E22766CA700EDC257;
			remoteInfo = ColorPatterns;
		};
/* End PBXContainerItemProxy section */

/* Begin PBXFileReference section */
		084207AB7893791BEB5647BC /* Pods-ColorPatterns.debug.xcconfig */ = {isa = PBXFileReference; includeInIndex = 1; lastKnownFileType = text.xcconfig; name = "Pods-ColorPatterns.debug.xcconfig"; path = "Target Support Files/Pods-ColorPatterns/Pods-ColorPatterns.debug.xcconfig"; sourceTree = "<group>"; };
		71C3F18AB67621B3C8A18A07 /* Pods-ColorPatternsTests.debug.xcconfig */ = {isa = PBXFileReference; includeInIndex = 1; lastKnownFileType = text.xcconfig; name = "Pods-ColorPatternsTests.debug.xcconfig"; path = "Target Support Files/Pods-ColorPatternsTests/Pods-ColorPatternsTests.debug.xcconfig"; sourceTree = "<group>"; };
		7D4F57B4910FE0FB853D8AD9 /* Pods_ColorPatternsTests.framework */ = {isa = PBXFileReference; explicitFileType = wrapper.framework; includeInIndex = 0; path = Pods_ColorPatternsTests.framework; sourceTree = BUILT_PRODUCTS_DIR; };
		833621D2B7F92B544B5F70C6 /* Pods-ColorPatterns.release.xcconfig */ = {isa = PBXFileReference; includeInIndex = 1; lastKnownFileType = text.xcconfig; name = "Pods-ColorPatterns.release.xcconfig"; path = "Target Support Files/Pods-ColorPatterns/Pods-ColorPatterns.release.xcconfig"; sourceTree = "<group>"; };
		8433BF3F22766CA700EDC257 /* ColorPatterns.app */ = {isa = PBXFileReference; explicitFileType = wrapper.application; includeInIndex = 0; path = ColorPatterns.app; sourceTree = BUILT_PRODUCTS_DIR; };
		8433BF4222766CA700EDC257 /* AppDelegate.swift */ = {isa = PBXFileReference; lastKnownFileType = sourcecode.swift; path = AppDelegate.swift; sourceTree = "<group>"; };
		8433BF4C22766CA800EDC257 /* Base */ = {isa = PBXFileReference; lastKnownFileType = file.storyboard; name = Base; path = Base.lproj/LaunchScreen.storyboard; sourceTree = "<group>"; };
		8433BF4E22766CA800EDC257 /* Info.plist */ = {isa = PBXFileReference; lastKnownFileType = text.plist.xml; path = Info.plist; sourceTree = "<group>"; };
		8F079FF8B3FBE553E972EE24 /* Pods_ColorPatterns.framework */ = {isa = PBXFileReference; explicitFileType = wrapper.framework; includeInIndex = 0; path = Pods_ColorPatterns.framework; sourceTree = BUILT_PRODUCTS_DIR; };
		BA02700322BC491000846DDC /* README.md */ = {isa = PBXFileReference; fileEncoding = 4; lastKnownFileType = net.daringfireball.markdown; path = README.md; sourceTree = "<group>"; };
		BA0C0CE72401B9C700C8A892 /* SharedColorTile.swift */ = {isa = PBXFileReference; lastKnownFileType = sourcecode.swift; path = SharedColorTile.swift; sourceTree = "<group>"; };
		BA141A3823CBCDC70039A5DC /* R.generated.swift */ = {isa = PBXFileReference; fileEncoding = 4; lastKnownFileType = sourcecode.swift; path = R.generated.swift; sourceTree = "<group>"; };
		BA20610423CD32FB00BA3222 /* Int+StringConverter.swift */ = {isa = PBXFileReference; lastKnownFileType = sourcecode.swift; path = "Int+StringConverter.swift"; sourceTree = "<group>"; };
		BA28003F241980780040674D /* String+URLConverter.swift */ = {isa = PBXFileReference; lastKnownFileType = sourcecode.swift; path = "String+URLConverter.swift"; sourceTree = "<group>"; };
		BA2AD581240D87B0006245E9 /* PauseViewController.swift */ = {isa = PBXFileReference; lastKnownFileType = sourcecode.swift; path = PauseViewController.swift; sourceTree = "<group>"; };
		BA2AD582240D87B0006245E9 /* PauseViewController.xib */ = {isa = PBXFileReference; lastKnownFileType = file.xib; path = PauseViewController.xib; sourceTree = "<group>"; };
		BA3554C323533779007BC724 /* SettingsBundleHelper.swift */ = {isa = PBXFileReference; fileEncoding = 4; lastKnownFileType = sourcecode.swift; path = SettingsBundleHelper.swift; sourceTree = "<group>"; };
		BA3554C52353379D007BC724 /* Settings.bundle */ = {isa = PBXFileReference; lastKnownFileType = "wrapper.plug-in"; path = Settings.bundle; sourceTree = "<group>"; };
		BA59EA8123DCB963001E6502 /* FakeGameTimer.swift */ = {isa = PBXFileReference; lastKnownFileType = sourcecode.swift; path = FakeGameTimer.swift; sourceTree = "<group>"; };
		BA63DBBA2516533C000C77BA /* Starling.swift */ = {isa = PBXFileReference; lastKnownFileType = sourcecode.swift; path = Starling.swift; sourceTree = "<group>"; };
		BA64C17C23F77FF100DE4FC1 /* UIColor+RandomColor.swift */ = {isa = PBXFileReference; lastKnownFileType = sourcecode.swift; path = "UIColor+RandomColor.swift"; sourceTree = "<group>"; };
		BA6B10AA241D7E2700A4B90E /* animation.gif */ = {isa = PBXFileReference; lastKnownFileType = image.gif; path = animation.gif; sourceTree = "<group>"; };
		BA8A2C2723533B11002744CB /* GameSounds.swift */ = {isa = PBXFileReference; lastKnownFileType = sourcecode.swift; path = GameSounds.swift; sourceTree = "<group>"; };
		BA8A2C2923533F85002744CB /* Score.swift */ = {isa = PBXFileReference; lastKnownFileType = sourcecode.swift; path = Score.swift; sourceTree = "<group>"; };
		BA9484FC23535E0800375037 /* GameTimer.swift */ = {isa = PBXFileReference; lastKnownFileType = sourcecode.swift; path = GameTimer.swift; sourceTree = "<group>"; };
		BA94BCF822C38FB800D8157E /* Assets.xcassets */ = {isa = PBXFileReference; lastKnownFileType = folder.assetcatalog; path = Assets.xcassets; sourceTree = "<group>"; };
		BA9CFF4323E23D7000AA6A3D /* 990-inattentive.json */ = {isa = PBXFileReference; fileEncoding = 4; lastKnownFileType = text.json; path = "990-inattentive.json"; sourceTree = "<group>"; };
		BAADABA023DA57DF00F36C8C /* StartMenuCreator.swift */ = {isa = PBXFileReference; lastKnownFileType = sourcecode.swift; path = StartMenuCreator.swift; sourceTree = "<group>"; };
		BAADABA223DA586900F36C8C /* StartMenuController.swift */ = {isa = PBXFileReference; lastKnownFileType = sourcecode.swift; path = StartMenuController.swift; sourceTree = "<group>"; };
		BAADABA323DA586900F36C8C /* StartMenuController.xib */ = {isa = PBXFileReference; lastKnownFileType = file.xib; path = StartMenuController.xib; sourceTree = "<group>"; };
		BAADABA623DA588D00F36C8C /* StartMenuViewModel.swift */ = {isa = PBXFileReference; lastKnownFileType = sourcecode.swift; path = StartMenuViewModel.swift; sourceTree = "<group>"; };
		BAB2923822C533EC00A4EBA5 /* UpdateColors.playground */ = {isa = PBXFileReference; lastKnownFileType = file.playground; path = UpdateColors.playground; sourceTree = "<group>"; xcLanguageSpecificationIdentifier = xcode.lang.swift; };
		BAC0B53823F341EF0073066A /* GameKit.framework */ = {isa = PBXFileReference; lastKnownFileType = wrapper.framework; name = GameKit.framework; path = System/Library/Frameworks/GameKit.framework; sourceTree = SDKROOT; };
		BAC495C523D89CC60041088C /* Error+FriendlyMessage.swift */ = {isa = PBXFileReference; lastKnownFileType = sourcecode.swift; path = "Error+FriendlyMessage.swift"; sourceTree = "<group>"; };
		BAC495C723D8B7940041088C /* Localizable.strings */ = {isa = PBXFileReference; lastKnownFileType = text.plist.strings; path = Localizable.strings; sourceTree = "<group>"; };
		BAC495C923D8BA130041088C /* GameEngineTests.swift */ = {isa = PBXFileReference; lastKnownFileType = sourcecode.swift; path = GameEngineTests.swift; sourceTree = "<group>"; };
		BAC495CB23D8BDC70041088C /* GameViewModelTests.swift */ = {isa = PBXFileReference; lastKnownFileType = sourcecode.swift; path = GameViewModelTests.swift; sourceTree = "<group>"; };
		BAC92D9222BA7B2B00D3B025 /* ColorPatternsTests.xctest */ = {isa = PBXFileReference; explicitFileType = wrapper.cfbundle; includeInIndex = 0; path = ColorPatternsTests.xctest; sourceTree = BUILT_PRODUCTS_DIR; };
		BAC92D9622BA7B2B00D3B025 /* Info.plist */ = {isa = PBXFileReference; lastKnownFileType = text.plist.xml; path = Info.plist; sourceTree = "<group>"; };
		BACBC10623DB0FF400D5E4F7 /* StartMenuCreatorTests.swift */ = {isa = PBXFileReference; lastKnownFileType = sourcecode.swift; path = StartMenuCreatorTests.swift; sourceTree = "<group>"; };
		BACBC10823DB2F5A00D5E4F7 /* StartMenuViewModelTests.swift */ = {isa = PBXFileReference; lastKnownFileType = sourcecode.swift; path = StartMenuViewModelTests.swift; sourceTree = "<group>"; };
		BAD1026723526BF900A3276F /* GameEngine.swift */ = {isa = PBXFileReference; lastKnownFileType = sourcecode.swift; path = GameEngine.swift; sourceTree = "<group>"; };
		BAD14BB023DA041B00FF2D15 /* GameOverCreator.swift */ = {isa = PBXFileReference; lastKnownFileType = sourcecode.swift; path = GameOverCreator.swift; sourceTree = "<group>"; };
		BAD14BB223DA049600FF2D15 /* GameOverController.swift */ = {isa = PBXFileReference; lastKnownFileType = sourcecode.swift; path = GameOverController.swift; sourceTree = "<group>"; };
		BAD14BB323DA049600FF2D15 /* GameOverController.xib */ = {isa = PBXFileReference; lastKnownFileType = file.xib; path = GameOverController.xib; sourceTree = "<group>"; };
		BAD14BB623DA04F500FF2D15 /* GameOverViewModel.swift */ = {isa = PBXFileReference; lastKnownFileType = sourcecode.swift; path = GameOverViewModel.swift; sourceTree = "<group>"; };
		BAD14BB823DA0DAD00FF2D15 /* SharedButton.swift */ = {isa = PBXFileReference; lastKnownFileType = sourcecode.swift; path = SharedButton.swift; sourceTree = "<group>"; };
		BAD14BC323DA2A6000FF2D15 /* GameOverCreatorTests.swift */ = {isa = PBXFileReference; lastKnownFileType = sourcecode.swift; path = GameOverCreatorTests.swift; sourceTree = "<group>"; };
		BAD7ADA523D87E9F00537D7F /* UnitTestError.swift */ = {isa = PBXFileReference; lastKnownFileType = sourcecode.swift; path = UnitTestError.swift; sourceTree = "<group>"; };
		BAD7ADA823D87F1800537D7F /* GameCreatorTests.swift */ = {isa = PBXFileReference; lastKnownFileType = sourcecode.swift; path = GameCreatorTests.swift; sourceTree = "<group>"; };
		BAD7ADAA23D880F900537D7F /* GameTimerTests.swift */ = {isa = PBXFileReference; lastKnownFileType = sourcecode.swift; path = GameTimerTests.swift; sourceTree = "<group>"; };
		BAD7ADAC23D8849D00537D7F /* FakeGameController.swift */ = {isa = PBXFileReference; lastKnownFileType = sourcecode.swift; path = FakeGameController.swift; sourceTree = "<group>"; };
		BAF38E5B23F45F9000BD772F /* Level+ChooseLeaderboard.swift */ = {isa = PBXFileReference; lastKnownFileType = sourcecode.swift; path = "Level+ChooseLeaderboard.swift"; sourceTree = "<group>"; };
		BAF6F08A23F5689100B03374 /* logo.png */ = {isa = PBXFileReference; lastKnownFileType = image.png; path = logo.png; sourceTree = "<group>"; };
		BAF7A82723F808AD005A61B1 /* Double+CGFloatConverter.swift */ = {isa = PBXFileReference; lastKnownFileType = sourcecode.swift; path = "Double+CGFloatConverter.swift"; sourceTree = "<group>"; };
		BAFAC25123CC912F00C74D92 /* GameCreator.swift */ = {isa = PBXFileReference; lastKnownFileType = sourcecode.swift; path = GameCreator.swift; sourceTree = "<group>"; };
		BAFAC25323CC91A300C74D92 /* GameViewModel.swift */ = {isa = PBXFileReference; lastKnownFileType = sourcecode.swift; path = GameViewModel.swift; sourceTree = "<group>"; };
		BAFAC25523CC91D700C74D92 /* GameController.swift */ = {isa = PBXFileReference; lastKnownFileType = sourcecode.swift; path = GameController.swift; sourceTree = "<group>"; };
		BAFAC25623CC91D700C74D92 /* GameController.xib */ = {isa = PBXFileReference; lastKnownFileType = file.xib; path = GameController.xib; sourceTree = "<group>"; };
		BAFAC25923CC956D00C74D92 /* Colors.xcassets */ = {isa = PBXFileReference; lastKnownFileType = folder.assetcatalog; path = Colors.xcassets; sourceTree = "<group>"; };
		BAFEF4152402D4DE001FC2C3 /* note5.caf */ = {isa = PBXFileReference; lastKnownFileType = file; path = note5.caf; sourceTree = "<group>"; };
		BAFEF4162402D4DE001FC2C3 /* note3.caf */ = {isa = PBXFileReference; lastKnownFileType = file; path = note3.caf; sourceTree = "<group>"; };
		BAFEF4172402D4DE001FC2C3 /* note1.caf */ = {isa = PBXFileReference; lastKnownFileType = file; path = note1.caf; sourceTree = "<group>"; };
		BAFEF4182402D4DE001FC2C3 /* note2.caf */ = {isa = PBXFileReference; lastKnownFileType = file; path = note2.caf; sourceTree = "<group>"; };
		BAFEF4192402D4DE001FC2C3 /* note6.caf */ = {isa = PBXFileReference; lastKnownFileType = file; path = note6.caf; sourceTree = "<group>"; };
		BAFEF41A2402D4DE001FC2C3 /* note4.caf */ = {isa = PBXFileReference; lastKnownFileType = file; path = note4.caf; sourceTree = "<group>"; };
		BAFEF4212402D749001FC2C3 /* InfoCreator.swift */ = {isa = PBXFileReference; lastKnownFileType = sourcecode.swift; path = InfoCreator.swift; sourceTree = "<group>"; };
		BAFEF4232402D791001FC2C3 /* InfoController.swift */ = {isa = PBXFileReference; lastKnownFileType = sourcecode.swift; path = InfoController.swift; sourceTree = "<group>"; };
		BAFEF4242402D791001FC2C3 /* InfoController.xib */ = {isa = PBXFileReference; lastKnownFileType = file.xib; path = InfoController.xib; sourceTree = "<group>"; };
		BAFEF4272402D7D9001FC2C3 /* InfoViewModel.swift */ = {isa = PBXFileReference; lastKnownFileType = sourcecode.swift; path = InfoViewModel.swift; sourceTree = "<group>"; };
		BAFF547723D77F8300CC25ED /* Constants.swift */ = {isa = PBXFileReference; lastKnownFileType = sourcecode.swift; path = Constants.swift; sourceTree = "<group>"; };
		F776F537145478439EA0D6A1 /* Pods-ColorPatternsTests.release.xcconfig */ = {isa = PBXFileReference; includeInIndex = 1; lastKnownFileType = text.xcconfig; name = "Pods-ColorPatternsTests.release.xcconfig"; path = "Target Support Files/Pods-ColorPatternsTests/Pods-ColorPatternsTests.release.xcconfig"; sourceTree = "<group>"; };
/* End PBXFileReference section */

/* Begin PBXFrameworksBuildPhase section */
		8433BF3C22766CA700EDC257 /* Frameworks */ = {
			isa = PBXFrameworksBuildPhase;
			buildActionMask = 2147483647;
			files = (
				DD9FFBE7BDBA54D26E4E865F /* Pods_ColorPatterns.framework in Frameworks */,
				BAC0B53923F341EF0073066A /* GameKit.framework in Frameworks */,
			);
			runOnlyForDeploymentPostprocessing = 0;
		};
		BAC92D8F22BA7B2B00D3B025 /* Frameworks */ = {
			isa = PBXFrameworksBuildPhase;
			buildActionMask = 2147483647;
			files = (
				09D5CA5B27D04F1C12EF958D /* Pods_ColorPatternsTests.framework in Frameworks */,
			);
			runOnlyForDeploymentPostprocessing = 0;
		};
/* End PBXFrameworksBuildPhase section */

/* Begin PBXGroup section */
		8433BF3622766CA700EDC257 = {
			isa = PBXGroup;
			children = (
				BA02700322BC491000846DDC /* README.md */,
				BA2F742722C3597B007573FF /* Demo */,
				8433BF4122766CA700EDC257 /* ColorPatterns */,
				8433BF4022766CA700EDC257 /* Products */,
				BAC92D9322BA7B2B00D3B025 /* ColorPatternsTests */,
				E89C705E715439D10AC0CC5C /* Pods */,
				E968CB20018162CE2BC346A2 /* Frameworks */,
			);
			sourceTree = "<group>";
		};
		8433BF4022766CA700EDC257 /* Products */ = {
			isa = PBXGroup;
			children = (
				8433BF3F22766CA700EDC257 /* ColorPatterns.app */,
				BAC92D9222BA7B2B00D3B025 /* ColorPatternsTests.xctest */,
			);
			name = Products;
			sourceTree = "<group>";
		};
		8433BF4122766CA700EDC257 /* ColorPatterns */ = {
			isa = PBXGroup;
			children = (
				BAD1026623526BC000A3276F /* Models */,
				BAFAC24823CC8D3800C74D92 /* Scenes */,
				BAFAC24B23CC8DB900C74D92 /* Helpers */,
				BAFAC24C23CC8DCF00C74D92 /* Extensions */,
				BA94BCF722C3845600D8157E /* Support */,
			);
			path = ColorPatterns;
			sourceTree = "<group>";
		};
		BA199B7B2292F70D00CD7C64 /* Sounds */ = {
			isa = PBXGroup;
			children = (
				BAFEF4172402D4DE001FC2C3 /* note1.caf */,
				BAFEF4182402D4DE001FC2C3 /* note2.caf */,
				BAFEF4162402D4DE001FC2C3 /* note3.caf */,
				BAFEF41A2402D4DE001FC2C3 /* note4.caf */,
				BAFEF4152402D4DE001FC2C3 /* note5.caf */,
				BAFEF4192402D4DE001FC2C3 /* note6.caf */,
			);
			path = Sounds;
			sourceTree = "<group>";
		};
		BA2AD580240D8482006245E9 /* PauseView */ = {
			isa = PBXGroup;
			children = (
				BA2AD581240D87B0006245E9 /* PauseViewController.swift */,
				BA2AD582240D87B0006245E9 /* PauseViewController.xib */,
			);
			path = PauseView;
			sourceTree = "<group>";
		};
		BA2F742722C3597B007573FF /* Demo */ = {
			isa = PBXGroup;
			children = (
				BA6B10AA241D7E2700A4B90E /* animation.gif */,
				BAF6F08A23F5689100B03374 /* logo.png */,
			);
			path = Demo;
			sourceTree = "<group>";
		};
		BA94BCF722C3845600D8157E /* Support */ = {
			isa = PBXGroup;
			children = (
				8433BF4E22766CA800EDC257 /* Info.plist */,
				8433BF4222766CA700EDC257 /* AppDelegate.swift */,
				BA141A3823CBCDC70039A5DC /* R.generated.swift */,
				8433BF4B22766CA800EDC257 /* LaunchScreen.storyboard */,
				BAC495C723D8B7940041088C /* Localizable.strings */,
				BAB2923822C533EC00A4EBA5 /* UpdateColors.playground */,
				BA3554C52353379D007BC724 /* Settings.bundle */,
				BA94BCF822C38FB800D8157E /* Assets.xcassets */,
				BAFAC25923CC956D00C74D92 /* Colors.xcassets */,
				BA9CFF4223E23D5100AA6A3D /* LottieAnimations */,
				BA199B7B2292F70D00CD7C64 /* Sounds */,
			);
			path = Support;
			sourceTree = "<group>";
		};
		BA9CFF4223E23D5100AA6A3D /* LottieAnimations */ = {
			isa = PBXGroup;
			children = (
				BA9CFF4323E23D7000AA6A3D /* 990-inattentive.json */,
			);
			path = LottieAnimations;
			sourceTree = "<group>";
		};
		BAC92D9322BA7B2B00D3B025 /* ColorPatternsTests */ = {
			isa = PBXGroup;
			children = (
				BAD7ADA423D87E6600537D7F /* Helpers */,
				BAD7ADA323D87C9600537D7F /* Scenes */,
				BAC92D9622BA7B2B00D3B025 /* Info.plist */,
			);
			path = ColorPatternsTests;
			sourceTree = "<group>";
		};
		BACBC10523DB0FD600D5E4F7 /* StartMenu */ = {
			isa = PBXGroup;
			children = (
				BACBC10623DB0FF400D5E4F7 /* StartMenuCreatorTests.swift */,
				BACBC10823DB2F5A00D5E4F7 /* StartMenuViewModelTests.swift */,
			);
			path = StartMenu;
			sourceTree = "<group>";
		};
		BAD1026623526BC000A3276F /* Models */ = {
			isa = PBXGroup;
			children = (
				BA8A2C2923533F85002744CB /* Score.swift */,
			);
			path = Models;
			sourceTree = "<group>";
		};
		BAD14BC223DA2A4700FF2D15 /* GameOver */ = {
			isa = PBXGroup;
			children = (
				BAD14BC323DA2A6000FF2D15 /* GameOverCreatorTests.swift */,
			);
			path = GameOver;
			sourceTree = "<group>";
		};
		BAD7ADA323D87C9600537D7F /* Scenes */ = {
			isa = PBXGroup;
			children = (
				BACBC10523DB0FD600D5E4F7 /* StartMenu */,
				BAD7ADA723D87EF000537D7F /* Game */,
				BAD14BC223DA2A4700FF2D15 /* GameOver */,
			);
			path = Scenes;
			sourceTree = "<group>";
		};
		BAD7ADA423D87E6600537D7F /* Helpers */ = {
			isa = PBXGroup;
			children = (
				BAD7ADA523D87E9F00537D7F /* UnitTestError.swift */,
			);
			path = Helpers;
			sourceTree = "<group>";
		};
		BAD7ADA723D87EF000537D7F /* Game */ = {
			isa = PBXGroup;
			children = (
				BAD7ADAC23D8849D00537D7F /* FakeGameController.swift */,
				BA59EA8123DCB963001E6502 /* FakeGameTimer.swift */,
				BAD7ADA823D87F1800537D7F /* GameCreatorTests.swift */,
				BAD7ADAA23D880F900537D7F /* GameTimerTests.swift */,
				BAC495C923D8BA130041088C /* GameEngineTests.swift */,
				BAC495CB23D8BDC70041088C /* GameViewModelTests.swift */,
			);
			path = Game;
			sourceTree = "<group>";
		};
		BAFAC24823CC8D3800C74D92 /* Scenes */ = {
			isa = PBXGroup;
			children = (
				BAFAC24A23CC8D6000C74D92 /* StartMenu */,
				BAFAC24923CC8D4500C74D92 /* Game */,
				BAFAC25B23CCA5EE00C74D92 /* GameOver */,
			);
			path = Scenes;
			sourceTree = "<group>";
		};
		BAFAC24923CC8D4500C74D92 /* Game */ = {
			isa = PBXGroup;
			children = (
				BA2AD580240D8482006245E9 /* PauseView */,
				BAFAC25123CC912F00C74D92 /* GameCreator.swift */,
				BAFAC25523CC91D700C74D92 /* GameController.swift */,
				BAFAC25623CC91D700C74D92 /* GameController.xib */,
				BAFAC25323CC91A300C74D92 /* GameViewModel.swift */,
				BA9484FC23535E0800375037 /* GameTimer.swift */,
				BA8A2C2723533B11002744CB /* GameSounds.swift */,
				BAD1026723526BF900A3276F /* GameEngine.swift */,
			);
			path = Game;
			sourceTree = "<group>";
		};
		BAFAC24A23CC8D6000C74D92 /* StartMenu */ = {
			isa = PBXGroup;
			children = (
				BAFAC25C23CCA61200C74D92 /* Info */,
				BAADABA023DA57DF00F36C8C /* StartMenuCreator.swift */,
				BAADABA223DA586900F36C8C /* StartMenuController.swift */,
				BAADABA323DA586900F36C8C /* StartMenuController.xib */,
				BAADABA623DA588D00F36C8C /* StartMenuViewModel.swift */,
			);
			path = StartMenu;
			sourceTree = "<group>";
		};
		BAFAC24B23CC8DB900C74D92 /* Helpers */ = {
			isa = PBXGroup;
			children = (
				BAFF547723D77F8300CC25ED /* Constants.swift */,
				BA3554C323533779007BC724 /* SettingsBundleHelper.swift */,
				BAD14BB823DA0DAD00FF2D15 /* SharedButton.swift */,
				BA0C0CE72401B9C700C8A892 /* SharedColorTile.swift */,
				BA63DBBA2516533C000C77BA /* Starling.swift */,
			);
			path = Helpers;
			sourceTree = "<group>";
		};
		BAFAC24C23CC8DCF00C74D92 /* Extensions */ = {
			isa = PBXGroup;
			children = (
				BA20610423CD32FB00BA3222 /* Int+StringConverter.swift */,
				BAC495C523D89CC60041088C /* Error+FriendlyMessage.swift */,
				BAF38E5B23F45F9000BD772F /* Level+ChooseLeaderboard.swift */,
				BA64C17C23F77FF100DE4FC1 /* UIColor+RandomColor.swift */,
				BAF7A82723F808AD005A61B1 /* Double+CGFloatConverter.swift */,
				BA28003F241980780040674D /* String+URLConverter.swift */,
			);
			path = Extensions;
			sourceTree = "<group>";
		};
		BAFAC25B23CCA5EE00C74D92 /* GameOver */ = {
			isa = PBXGroup;
			children = (
				BAD14BB023DA041B00FF2D15 /* GameOverCreator.swift */,
				BAD14BB223DA049600FF2D15 /* GameOverController.swift */,
				BAD14BB323DA049600FF2D15 /* GameOverController.xib */,
				BAD14BB623DA04F500FF2D15 /* GameOverViewModel.swift */,
			);
			path = GameOver;
			sourceTree = "<group>";
		};
		BAFAC25C23CCA61200C74D92 /* Info */ = {
			isa = PBXGroup;
			children = (
				BAFEF4212402D749001FC2C3 /* InfoCreator.swift */,
				BAFEF4232402D791001FC2C3 /* InfoController.swift */,
				BAFEF4242402D791001FC2C3 /* InfoController.xib */,
				BAFEF4272402D7D9001FC2C3 /* InfoViewModel.swift */,
			);
			path = Info;
			sourceTree = "<group>";
		};
		E89C705E715439D10AC0CC5C /* Pods */ = {
			isa = PBXGroup;
			children = (
				084207AB7893791BEB5647BC /* Pods-ColorPatterns.debug.xcconfig */,
				833621D2B7F92B544B5F70C6 /* Pods-ColorPatterns.release.xcconfig */,
				71C3F18AB67621B3C8A18A07 /* Pods-ColorPatternsTests.debug.xcconfig */,
				F776F537145478439EA0D6A1 /* Pods-ColorPatternsTests.release.xcconfig */,
			);
			path = Pods;
			sourceTree = "<group>";
		};
		E968CB20018162CE2BC346A2 /* Frameworks */ = {
			isa = PBXGroup;
			children = (
				BAC0B53823F341EF0073066A /* GameKit.framework */,
				8F079FF8B3FBE553E972EE24 /* Pods_ColorPatterns.framework */,
				7D4F57B4910FE0FB853D8AD9 /* Pods_ColorPatternsTests.framework */,
			);
			name = Frameworks;
			sourceTree = "<group>";
		};
/* End PBXGroup section */

/* Begin PBXNativeTarget section */
		8433BF3E22766CA700EDC257 /* ColorPatterns */ = {
			isa = PBXNativeTarget;
			buildConfigurationList = 8433BF5122766CA800EDC257 /* Build configuration list for PBXNativeTarget "ColorPatterns" */;
			buildPhases = (
				BD248D2A5B760DA3697DB235 /* [CP] Check Pods Manifest.lock */,
				BA141A3723CBCD250039A5DC /* R.swift */,
				8433BF3B22766CA700EDC257 /* Sources */,
				BA141A3A23CBCEBE0039A5DC /* SwiftLint */,
				8433BF3C22766CA700EDC257 /* Frameworks */,
				8433BF3D22766CA700EDC257 /* Resources */,
				033DF21086C11D516702A6CD /* [CP] Embed Pods Frameworks */,
			);
			buildRules = (
			);
			dependencies = (
			);
			name = ColorPatterns;
			productName = ColorPatterns;
			productReference = 8433BF3F22766CA700EDC257 /* ColorPatterns.app */;
			productType = "com.apple.product-type.application";
		};
		BAC92D9122BA7B2B00D3B025 /* ColorPatternsTests */ = {
			isa = PBXNativeTarget;
			buildConfigurationList = BAC92D9B22BA7B2B00D3B025 /* Build configuration list for PBXNativeTarget "ColorPatternsTests" */;
			buildPhases = (
				A3F16866112D63C14D27516A /* [CP] Check Pods Manifest.lock */,
				BAC92D8E22BA7B2B00D3B025 /* Sources */,
				BAC92D8F22BA7B2B00D3B025 /* Frameworks */,
				BAC92D9022BA7B2B00D3B025 /* Resources */,
				C143B92E39A04864860FA472 /* [CP] Embed Pods Frameworks */,
			);
			buildRules = (
			);
			dependencies = (
				BAC92D9822BA7B2B00D3B025 /* PBXTargetDependency */,
			);
			name = ColorPatternsTests;
			productName = ColorPatternsTests;
			productReference = BAC92D9222BA7B2B00D3B025 /* ColorPatternsTests.xctest */;
			productType = "com.apple.product-type.bundle.unit-test";
		};
/* End PBXNativeTarget section */

/* Begin PBXProject section */
		8433BF3722766CA700EDC257 /* Project object */ = {
			isa = PBXProject;
			attributes = {
				LastSwiftUpdateCheck = 1020;
				LastUpgradeCheck = 1010;
				ORGANIZATIONNAME = vandermesis;
				TargetAttributes = {
					8433BF3E22766CA700EDC257 = {
						CreatedOnToolsVersion = 10.1;
						LastSwiftMigration = 1020;
					};
					BAC92D9122BA7B2B00D3B025 = {
						CreatedOnToolsVersion = 10.2.1;
						TestTargetID = 8433BF3E22766CA700EDC257;
					};
				};
			};
			buildConfigurationList = 8433BF3A22766CA700EDC257 /* Build configuration list for PBXProject "ColorPatterns" */;
			compatibilityVersion = "Xcode 9.3";
			developmentRegion = en;
			hasScannedForEncodings = 0;
			knownRegions = (
				en,
				Base,
			);
			mainGroup = 8433BF3622766CA700EDC257;
			productRefGroup = 8433BF4022766CA700EDC257 /* Products */;
			projectDirPath = "";
			projectRoot = "";
			targets = (
				8433BF3E22766CA700EDC257 /* ColorPatterns */,
				BAC92D9122BA7B2B00D3B025 /* ColorPatternsTests */,
			);
		};
/* End PBXProject section */

/* Begin PBXResourcesBuildPhase section */
		8433BF3D22766CA700EDC257 /* Resources */ = {
			isa = PBXResourcesBuildPhase;
			buildActionMask = 2147483647;
			files = (
				BAFEF41D2402D4DE001FC2C3 /* note1.caf in Resources */,
				BA9CFF4423E23D7000AA6A3D /* 990-inattentive.json in Resources */,
				BAD14BB523DA049600FF2D15 /* GameOverController.xib in Resources */,
				BAFEF41F2402D4DE001FC2C3 /* note6.caf in Resources */,
				BAFEF41C2402D4DE001FC2C3 /* note3.caf in Resources */,
				BAFAC25823CC91D700C74D92 /* GameController.xib in Resources */,
				BAADABA523DA586900F36C8C /* StartMenuController.xib in Resources */,
				BAF6F08B23F5689100B03374 /* logo.png in Resources */,
				BA3554C62353379E007BC724 /* Settings.bundle in Resources */,
				BAFEF4202402D4DE001FC2C3 /* note4.caf in Resources */,
				BA94BCF922C38FB800D8157E /* Assets.xcassets in Resources */,
				BAFEF41E2402D4DE001FC2C3 /* note2.caf in Resources */,
				8433BF4D22766CA800EDC257 /* LaunchScreen.storyboard in Resources */,
				BA2AD584240D87B0006245E9 /* PauseViewController.xib in Resources */,
				BAFEF4262402D791001FC2C3 /* InfoController.xib in Resources */,
				BAFAC25A23CC956D00C74D92 /* Colors.xcassets in Resources */,
				BAC495C823D8B7940041088C /* Localizable.strings in Resources */,
				BA6B10AB241D7E2700A4B90E /* animation.gif in Resources */,
				BAFEF41B2402D4DE001FC2C3 /* note5.caf in Resources */,
				BA02700422BC491000846DDC /* README.md in Resources */,
			);
			runOnlyForDeploymentPostprocessing = 0;
		};
		BAC92D9022BA7B2B00D3B025 /* Resources */ = {
			isa = PBXResourcesBuildPhase;
			buildActionMask = 2147483647;
			files = (
			);
			runOnlyForDeploymentPostprocessing = 0;
		};
/* End PBXResourcesBuildPhase section */

/* Begin PBXShellScriptBuildPhase section */
		033DF21086C11D516702A6CD /* [CP] Embed Pods Frameworks */ = {
			isa = PBXShellScriptBuildPhase;
			buildActionMask = 2147483647;
			files = (
			);
			inputFileListPaths = (
				"${PODS_ROOT}/Target Support Files/Pods-ColorPatterns/Pods-ColorPatterns-frameworks-${CONFIGURATION}-input-files.xcfilelist",
			);
			name = "[CP] Embed Pods Frameworks";
			outputFileListPaths = (
				"${PODS_ROOT}/Target Support Files/Pods-ColorPatterns/Pods-ColorPatterns-frameworks-${CONFIGURATION}-output-files.xcfilelist",
			);
			runOnlyForDeploymentPostprocessing = 0;
			shellPath = /bin/sh;
			shellScript = "\"${PODS_ROOT}/Target Support Files/Pods-ColorPatterns/Pods-ColorPatterns-frameworks.sh\"\n";
			showEnvVarsInLog = 0;
		};
		A3F16866112D63C14D27516A /* [CP] Check Pods Manifest.lock */ = {
			isa = PBXShellScriptBuildPhase;
			buildActionMask = 2147483647;
			files = (
			);
			inputFileListPaths = (
			);
			inputPaths = (
				"${PODS_PODFILE_DIR_PATH}/Podfile.lock",
				"${PODS_ROOT}/Manifest.lock",
			);
			name = "[CP] Check Pods Manifest.lock";
			outputFileListPaths = (
			);
			outputPaths = (
				"$(DERIVED_FILE_DIR)/Pods-ColorPatternsTests-checkManifestLockResult.txt",
			);
			runOnlyForDeploymentPostprocessing = 0;
			shellPath = /bin/sh;
			shellScript = "diff \"${PODS_PODFILE_DIR_PATH}/Podfile.lock\" \"${PODS_ROOT}/Manifest.lock\" > /dev/null\nif [ $? != 0 ] ; then\n    # print error to STDERR\n    echo \"error: The sandbox is not in sync with the Podfile.lock. Run 'pod install' or update your CocoaPods installation.\" >&2\n    exit 1\nfi\n# This output is used by Xcode 'outputs' to avoid re-running this script phase.\necho \"SUCCESS\" > \"${SCRIPT_OUTPUT_FILE_0}\"\n";
			showEnvVarsInLog = 0;
		};
		BA141A3723CBCD250039A5DC /* R.swift */ = {
			isa = PBXShellScriptBuildPhase;
			buildActionMask = 2147483647;
			files = (
			);
			inputFileListPaths = (
			);
			inputPaths = (
				"$TEMP_DIR/rswift-lastrun",
			);
			name = R.swift;
			outputFileListPaths = (
			);
			outputPaths = (
				$SRCROOT/ColorPatterns/Support/R.generated.swift,
			);
			runOnlyForDeploymentPostprocessing = 0;
			shellPath = /bin/sh;
			shellScript = "\"$PODS_ROOT/R.swift/rswift\" generate \"$SRCROOT/ColorPatterns/Support/R.generated.swift\"\n";
		};
		BA141A3A23CBCEBE0039A5DC /* SwiftLint */ = {
			isa = PBXShellScriptBuildPhase;
			buildActionMask = 2147483647;
			files = (
			);
			inputFileListPaths = (
			);
			inputPaths = (
			);
			name = SwiftLint;
			outputFileListPaths = (
			);
			outputPaths = (
			);
			runOnlyForDeploymentPostprocessing = 0;
			shellPath = /bin/sh;
			shellScript = "\"${PODS_ROOT}/SwiftLint/swiftlint\"\n";
		};
		BD248D2A5B760DA3697DB235 /* [CP] Check Pods Manifest.lock */ = {
			isa = PBXShellScriptBuildPhase;
			buildActionMask = 2147483647;
			files = (
			);
			inputFileListPaths = (
			);
			inputPaths = (
				"${PODS_PODFILE_DIR_PATH}/Podfile.lock",
				"${PODS_ROOT}/Manifest.lock",
			);
			name = "[CP] Check Pods Manifest.lock";
			outputFileListPaths = (
			);
			outputPaths = (
				"$(DERIVED_FILE_DIR)/Pods-ColorPatterns-checkManifestLockResult.txt",
			);
			runOnlyForDeploymentPostprocessing = 0;
			shellPath = /bin/sh;
			shellScript = "diff \"${PODS_PODFILE_DIR_PATH}/Podfile.lock\" \"${PODS_ROOT}/Manifest.lock\" > /dev/null\nif [ $? != 0 ] ; then\n    # print error to STDERR\n    echo \"error: The sandbox is not in sync with the Podfile.lock. Run 'pod install' or update your CocoaPods installation.\" >&2\n    exit 1\nfi\n# This output is used by Xcode 'outputs' to avoid re-running this script phase.\necho \"SUCCESS\" > \"${SCRIPT_OUTPUT_FILE_0}\"\n";
			showEnvVarsInLog = 0;
		};
		C143B92E39A04864860FA472 /* [CP] Embed Pods Frameworks */ = {
			isa = PBXShellScriptBuildPhase;
			buildActionMask = 2147483647;
			files = (
			);
			inputFileListPaths = (
				"${PODS_ROOT}/Target Support Files/Pods-ColorPatternsTests/Pods-ColorPatternsTests-frameworks-${CONFIGURATION}-input-files.xcfilelist",
			);
			name = "[CP] Embed Pods Frameworks";
			outputFileListPaths = (
				"${PODS_ROOT}/Target Support Files/Pods-ColorPatternsTests/Pods-ColorPatternsTests-frameworks-${CONFIGURATION}-output-files.xcfilelist",
			);
			runOnlyForDeploymentPostprocessing = 0;
			shellPath = /bin/sh;
			shellScript = "\"${PODS_ROOT}/Target Support Files/Pods-ColorPatternsTests/Pods-ColorPatternsTests-frameworks.sh\"\n";
			showEnvVarsInLog = 0;
		};
/* End PBXShellScriptBuildPhase section */

/* Begin PBXSourcesBuildPhase section */
		8433BF3B22766CA700EDC257 /* Sources */ = {
			isa = PBXSourcesBuildPhase;
			buildActionMask = 2147483647;
			files = (
				BAD1026823526BF900A3276F /* GameEngine.swift in Sources */,
				BAFEF4252402D791001FC2C3 /* InfoController.swift in Sources */,
				BAFAC25223CC912F00C74D92 /* GameCreator.swift in Sources */,
				BAFAC25423CC91A300C74D92 /* GameViewModel.swift in Sources */,
				BAADABA723DA588D00F36C8C /* StartMenuViewModel.swift in Sources */,
				BA2AD583240D87B0006245E9 /* PauseViewController.swift in Sources */,
				BAFEF4282402D7D9001FC2C3 /* InfoViewModel.swift in Sources */,
				BA0C0CE82401B9C700C8A892 /* SharedColorTile.swift in Sources */,
				BA64C17D23F77FF100DE4FC1 /* UIColor+RandomColor.swift in Sources */,
				BAD14BB723DA04F500FF2D15 /* GameOverViewModel.swift in Sources */,
				BAADABA123DA57DF00F36C8C /* StartMenuCreator.swift in Sources */,
				BA8A2C2A23533F85002744CB /* Score.swift in Sources */,
				BA141A3923CBCDC70039A5DC /* R.generated.swift in Sources */,
				BA9484FD23535E0800375037 /* GameTimer.swift in Sources */,
				BAD14BB123DA041B00FF2D15 /* GameOverCreator.swift in Sources */,
				BA8A2C2823533B11002744CB /* GameSounds.swift in Sources */,
				BAFAC25723CC91D700C74D92 /* GameController.swift in Sources */,
				BA3554C423533779007BC724 /* SettingsBundleHelper.swift in Sources */,
				BAFF547823D77F8300CC25ED /* Constants.swift in Sources */,
				BA63DBBB2516533C000C77BA /* Starling.swift in Sources */,
				BA280040241980780040674D /* String+URLConverter.swift in Sources */,
				BAF38E5C23F45F9000BD772F /* Level+ChooseLeaderboard.swift in Sources */,
				BA20610523CD32FB00BA3222 /* Int+StringConverter.swift in Sources */,
				BAADABA423DA586900F36C8C /* StartMenuController.swift in Sources */,
				BAD14BB423DA049600FF2D15 /* GameOverController.swift in Sources */,
				8433BF4322766CA700EDC257 /* AppDelegate.swift in Sources */,
				BAD14BB923DA0DAD00FF2D15 /* SharedButton.swift in Sources */,
				BAF7A82823F808AD005A61B1 /* Double+CGFloatConverter.swift in Sources */,
				BAC495C623D89CC60041088C /* Error+FriendlyMessage.swift in Sources */,
				BAFEF4222402D749001FC2C3 /* InfoCreator.swift in Sources */,
			);
			runOnlyForDeploymentPostprocessing = 0;
		};
		BAC92D8E22BA7B2B00D3B025 /* Sources */ = {
			isa = PBXSourcesBuildPhase;
			buildActionMask = 2147483647;
			files = (
				BA59EA8223DCB963001E6502 /* FakeGameTimer.swift in Sources */,
				BACBC10723DB0FF400D5E4F7 /* StartMenuCreatorTests.swift in Sources */,
				BAD7ADAD23D8849D00537D7F /* FakeGameController.swift in Sources */,
				BAD7ADA623D87E9F00537D7F /* UnitTestError.swift in Sources */,
				BAD7ADAB23D880F900537D7F /* GameTimerTests.swift in Sources */,
				BAC495CC23D8BDC70041088C /* GameViewModelTests.swift in Sources */,
				BACBC10923DB2F5A00D5E4F7 /* StartMenuViewModelTests.swift in Sources */,
				BAD7ADA923D87F1800537D7F /* GameCreatorTests.swift in Sources */,
				BAD14BC423DA2A6000FF2D15 /* GameOverCreatorTests.swift in Sources */,
				BAC495CA23D8BA130041088C /* GameEngineTests.swift in Sources */,
			);
			runOnlyForDeploymentPostprocessing = 0;
		};
/* End PBXSourcesBuildPhase section */

/* Begin PBXTargetDependency section */
		BAC92D9822BA7B2B00D3B025 /* PBXTargetDependency */ = {
			isa = PBXTargetDependency;
			target = 8433BF3E22766CA700EDC257 /* ColorPatterns */;
			targetProxy = BAC92D9722BA7B2B00D3B025 /* PBXContainerItemProxy */;
		};
/* End PBXTargetDependency section */

/* Begin PBXVariantGroup section */
		8433BF4B22766CA800EDC257 /* LaunchScreen.storyboard */ = {
			isa = PBXVariantGroup;
			children = (
				8433BF4C22766CA800EDC257 /* Base */,
			);
			name = LaunchScreen.storyboard;
			sourceTree = "<group>";
		};
/* End PBXVariantGroup section */

/* Begin XCBuildConfiguration section */
		8433BF4F22766CA800EDC257 /* Debug */ = {
			isa = XCBuildConfiguration;
			buildSettings = {
				ALWAYS_SEARCH_USER_PATHS = NO;
				CLANG_ANALYZER_NONNULL = YES;
				CLANG_ANALYZER_NUMBER_OBJECT_CONVERSION = YES_AGGRESSIVE;
				CLANG_CXX_LANGUAGE_STANDARD = "gnu++14";
				CLANG_CXX_LIBRARY = "libc++";
				CLANG_ENABLE_MODULES = YES;
				CLANG_ENABLE_OBJC_ARC = YES;
				CLANG_ENABLE_OBJC_WEAK = YES;
				CLANG_WARN_BLOCK_CAPTURE_AUTORELEASING = YES;
				CLANG_WARN_BOOL_CONVERSION = YES;
				CLANG_WARN_COMMA = YES;
				CLANG_WARN_CONSTANT_CONVERSION = YES;
				CLANG_WARN_DEPRECATED_OBJC_IMPLEMENTATIONS = YES;
				CLANG_WARN_DIRECT_OBJC_ISA_USAGE = YES_ERROR;
				CLANG_WARN_DOCUMENTATION_COMMENTS = YES;
				CLANG_WARN_EMPTY_BODY = YES;
				CLANG_WARN_ENUM_CONVERSION = YES;
				CLANG_WARN_INFINITE_RECURSION = YES;
				CLANG_WARN_INT_CONVERSION = YES;
				CLANG_WARN_NON_LITERAL_NULL_CONVERSION = YES;
				CLANG_WARN_OBJC_IMPLICIT_RETAIN_SELF = YES;
				CLANG_WARN_OBJC_LITERAL_CONVERSION = YES;
				CLANG_WARN_OBJC_ROOT_CLASS = YES_ERROR;
				CLANG_WARN_RANGE_LOOP_ANALYSIS = YES;
				CLANG_WARN_STRICT_PROTOTYPES = YES;
				CLANG_WARN_SUSPICIOUS_MOVE = YES;
				CLANG_WARN_UNGUARDED_AVAILABILITY = YES_AGGRESSIVE;
				CLANG_WARN_UNREACHABLE_CODE = YES;
				CLANG_WARN__DUPLICATE_METHOD_MATCH = YES;
				CODE_SIGN_IDENTITY = "iPhone Developer";
				COPY_PHASE_STRIP = NO;
				DEBUG_INFORMATION_FORMAT = dwarf;
				ENABLE_STRICT_OBJC_MSGSEND = YES;
				ENABLE_TESTABILITY = YES;
				GCC_C_LANGUAGE_STANDARD = gnu11;
				GCC_DYNAMIC_NO_PIC = NO;
				GCC_NO_COMMON_BLOCKS = YES;
				GCC_OPTIMIZATION_LEVEL = 0;
				GCC_PREPROCESSOR_DEFINITIONS = (
					"DEBUG=1",
					"$(inherited)",
				);
				GCC_WARN_64_TO_32_BIT_CONVERSION = YES;
				GCC_WARN_ABOUT_RETURN_TYPE = YES_ERROR;
				GCC_WARN_UNDECLARED_SELECTOR = YES;
				GCC_WARN_UNINITIALIZED_AUTOS = YES_AGGRESSIVE;
				GCC_WARN_UNUSED_FUNCTION = YES;
				GCC_WARN_UNUSED_VARIABLE = YES;
				IPHONEOS_DEPLOYMENT_TARGET = 12.1;
				MTL_ENABLE_DEBUG_INFO = INCLUDE_SOURCE;
				MTL_FAST_MATH = YES;
				ONLY_ACTIVE_ARCH = YES;
				SDKROOT = iphoneos;
				SWIFT_ACTIVE_COMPILATION_CONDITIONS = DEBUG;
				SWIFT_OPTIMIZATION_LEVEL = "-Onone";
			};
			name = Debug;
		};
		8433BF5022766CA800EDC257 /* Release */ = {
			isa = XCBuildConfiguration;
			buildSettings = {
				ALWAYS_SEARCH_USER_PATHS = NO;
				CLANG_ANALYZER_NONNULL = YES;
				CLANG_ANALYZER_NUMBER_OBJECT_CONVERSION = YES_AGGRESSIVE;
				CLANG_CXX_LANGUAGE_STANDARD = "gnu++14";
				CLANG_CXX_LIBRARY = "libc++";
				CLANG_ENABLE_MODULES = YES;
				CLANG_ENABLE_OBJC_ARC = YES;
				CLANG_ENABLE_OBJC_WEAK = YES;
				CLANG_WARN_BLOCK_CAPTURE_AUTORELEASING = YES;
				CLANG_WARN_BOOL_CONVERSION = YES;
				CLANG_WARN_COMMA = YES;
				CLANG_WARN_CONSTANT_CONVERSION = YES;
				CLANG_WARN_DEPRECATED_OBJC_IMPLEMENTATIONS = YES;
				CLANG_WARN_DIRECT_OBJC_ISA_USAGE = YES_ERROR;
				CLANG_WARN_DOCUMENTATION_COMMENTS = YES;
				CLANG_WARN_EMPTY_BODY = YES;
				CLANG_WARN_ENUM_CONVERSION = YES;
				CLANG_WARN_INFINITE_RECURSION = YES;
				CLANG_WARN_INT_CONVERSION = YES;
				CLANG_WARN_NON_LITERAL_NULL_CONVERSION = YES;
				CLANG_WARN_OBJC_IMPLICIT_RETAIN_SELF = YES;
				CLANG_WARN_OBJC_LITERAL_CONVERSION = YES;
				CLANG_WARN_OBJC_ROOT_CLASS = YES_ERROR;
				CLANG_WARN_RANGE_LOOP_ANALYSIS = YES;
				CLANG_WARN_STRICT_PROTOTYPES = YES;
				CLANG_WARN_SUSPICIOUS_MOVE = YES;
				CLANG_WARN_UNGUARDED_AVAILABILITY = YES_AGGRESSIVE;
				CLANG_WARN_UNREACHABLE_CODE = YES;
				CLANG_WARN__DUPLICATE_METHOD_MATCH = YES;
				CODE_SIGN_IDENTITY = "iPhone Developer";
				COPY_PHASE_STRIP = NO;
				DEBUG_INFORMATION_FORMAT = "dwarf-with-dsym";
				ENABLE_NS_ASSERTIONS = NO;
				ENABLE_STRICT_OBJC_MSGSEND = YES;
				GCC_C_LANGUAGE_STANDARD = gnu11;
				GCC_NO_COMMON_BLOCKS = YES;
				GCC_WARN_64_TO_32_BIT_CONVERSION = YES;
				GCC_WARN_ABOUT_RETURN_TYPE = YES_ERROR;
				GCC_WARN_UNDECLARED_SELECTOR = YES;
				GCC_WARN_UNINITIALIZED_AUTOS = YES_AGGRESSIVE;
				GCC_WARN_UNUSED_FUNCTION = YES;
				GCC_WARN_UNUSED_VARIABLE = YES;
				IPHONEOS_DEPLOYMENT_TARGET = 12.1;
				MTL_ENABLE_DEBUG_INFO = NO;
				MTL_FAST_MATH = YES;
				SDKROOT = iphoneos;
				SWIFT_COMPILATION_MODE = wholemodule;
				SWIFT_OPTIMIZATION_LEVEL = "-O";
				VALIDATE_PRODUCT = YES;
			};
			name = Release;
		};
		8433BF5222766CA800EDC257 /* Debug */ = {
			isa = XCBuildConfiguration;
			baseConfigurationReference = 084207AB7893791BEB5647BC /* Pods-ColorPatterns.debug.xcconfig */;
			buildSettings = {
				ASSETCATALOG_COMPILER_APPICON_NAME = AppIcon;
				CODE_SIGN_STYLE = Automatic;
				CURRENT_PROJECT_VERSION = 12;
				DEVELOPMENT_TEAM = 6H3JCHA3QJ;
				INFOPLIST_FILE = ColorPatterns/Support/Info.plist;
				IPHONEOS_DEPLOYMENT_TARGET = 12.2;
				LD_RUNPATH_SEARCH_PATHS = (
					"$(inherited)",
					"@executable_path/Frameworks",
				);
				MARKETING_VERSION = 0.3.1;
				PRODUCT_BUNDLE_IDENTIFIER = com.vandermesis.ColorPatterns;
				PRODUCT_NAME = "$(TARGET_NAME)";
				SWIFT_VERSION = 5.0;
				TARGETED_DEVICE_FAMILY = 1;
			};
			name = Debug;
		};
		8433BF5322766CA800EDC257 /* Release */ = {
			isa = XCBuildConfiguration;
			baseConfigurationReference = 833621D2B7F92B544B5F70C6 /* Pods-ColorPatterns.release.xcconfig */;
			buildSettings = {
				ASSETCATALOG_COMPILER_APPICON_NAME = AppIcon;
				CODE_SIGN_STYLE = Automatic;
				CURRENT_PROJECT_VERSION = 12;
				DEVELOPMENT_TEAM = 6H3JCHA3QJ;
				INFOPLIST_FILE = ColorPatterns/Support/Info.plist;
				IPHONEOS_DEPLOYMENT_TARGET = 12.2;
				LD_RUNPATH_SEARCH_PATHS = (
					"$(inherited)",
					"@executable_path/Frameworks",
				);
				MARKETING_VERSION = 0.3.1;
				PRODUCT_BUNDLE_IDENTIFIER = com.vandermesis.ColorPatterns;
				PRODUCT_NAME = "$(TARGET_NAME)";
				SWIFT_VERSION = 5.0;
				TARGETED_DEVICE_FAMILY = 1;
			};
			name = Release;
		};
		BAC92D9922BA7B2B00D3B025 /* Debug */ = {
			isa = XCBuildConfiguration;
			baseConfigurationReference = 71C3F18AB67621B3C8A18A07 /* Pods-ColorPatternsTests.debug.xcconfig */;
			buildSettings = {
				BUNDLE_LOADER = "$(TEST_HOST)";
				CODE_SIGN_STYLE = Automatic;
				DEVELOPMENT_TEAM = 6H3JCHA3QJ;
				INFOPLIST_FILE = ColorPatternsTests/Info.plist;
				IPHONEOS_DEPLOYMENT_TARGET = 12.2;
				LD_RUNPATH_SEARCH_PATHS = (
					"$(inherited)",
					"@executable_path/Frameworks",
					"@loader_path/Frameworks",
				);
				PRODUCT_BUNDLE_IDENTIFIER = com.vandermesis.ColorPatternsTests;
				PRODUCT_NAME = "$(TARGET_NAME)";
				SWIFT_VERSION = 5.0;
				TARGETED_DEVICE_FAMILY = "1,2";
				TEST_HOST = "$(BUILT_PRODUCTS_DIR)/ColorPatterns.app/ColorPatterns";
			};
			name = Debug;
		};
		BAC92D9A22BA7B2B00D3B025 /* Release */ = {
			isa = XCBuildConfiguration;
			baseConfigurationReference = F776F537145478439EA0D6A1 /* Pods-ColorPatternsTests.release.xcconfig */;
			buildSettings = {
				BUNDLE_LOADER = "$(TEST_HOST)";
				CODE_SIGN_STYLE = Automatic;
				DEVELOPMENT_TEAM = 6H3JCHA3QJ;
				INFOPLIST_FILE = ColorPatternsTests/Info.plist;
				IPHONEOS_DEPLOYMENT_TARGET = 12.2;
				LD_RUNPATH_SEARCH_PATHS = (
					"$(inherited)",
					"@executable_path/Frameworks",
					"@loader_path/Frameworks",
				);
				PRODUCT_BUNDLE_IDENTIFIER = com.vandermesis.ColorPatternsTests;
				PRODUCT_NAME = "$(TARGET_NAME)";
				SWIFT_VERSION = 5.0;
				TARGETED_DEVICE_FAMILY = "1,2";
				TEST_HOST = "$(BUILT_PRODUCTS_DIR)/ColorPatterns.app/ColorPatterns";
			};
			name = Release;
		};
/* End XCBuildConfiguration section */

/* Begin XCConfigurationList section */
		8433BF3A22766CA700EDC257 /* Build configuration list for PBXProject "ColorPatterns" */ = {
			isa = XCConfigurationList;
			buildConfigurations = (
				8433BF4F22766CA800EDC257 /* Debug */,
				8433BF5022766CA800EDC257 /* Release */,
			);
			defaultConfigurationIsVisible = 0;
			defaultConfigurationName = Release;
		};
		8433BF5122766CA800EDC257 /* Build configuration list for PBXNativeTarget "ColorPatterns" */ = {
			isa = XCConfigurationList;
			buildConfigurations = (
				8433BF5222766CA800EDC257 /* Debug */,
				8433BF5322766CA800EDC257 /* Release */,
			);
			defaultConfigurationIsVisible = 0;
			defaultConfigurationName = Release;
		};
		BAC92D9B22BA7B2B00D3B025 /* Build configuration list for PBXNativeTarget "ColorPatternsTests" */ = {
			isa = XCConfigurationList;
			buildConfigurations = (
				BAC92D9922BA7B2B00D3B025 /* Debug */,
				BAC92D9A22BA7B2B00D3B025 /* Release */,
			);
			defaultConfigurationIsVisible = 0;
			defaultConfigurationName = Release;
		};
/* End XCConfigurationList section */
	};
	rootObject = 8433BF3722766CA700EDC257 /* Project object */;
}
