// !$*UTF8*$!
{
	archiveVersion = 1;
	classes = {
	};
	objectVersion = 50;
	objects = {

/* Begin PBXBuildFile section */
		8433BF4322766CA700EDC257 /* AppDelegate.swift in Sources */ = {isa = PBXBuildFile; fileRef = 8433BF4222766CA700EDC257 /* AppDelegate.swift */; };
		8433BF4522766CA700EDC257 /* ViewController.swift in Sources */ = {isa = PBXBuildFile; fileRef = 8433BF4422766CA700EDC257 /* ViewController.swift */; };
		8433BF4D22766CA800EDC257 /* LaunchScreen.storyboard in Resources */ = {isa = PBXBuildFile; fileRef = 8433BF4B22766CA800EDC257 /* LaunchScreen.storyboard */; };
		BA02700422BC491000846DDC /* README.md in Resources */ = {isa = PBXBuildFile; fileRef = BA02700322BC491000846DDC /* README.md */; };
		BA0AA479230E810A00E2A21D /* logo.png in Resources */ = {isa = PBXBuildFile; fileRef = BA0AA478230E810A00E2A21D /* logo.png */; };
		BA0AA47B230E934000E2A21D /* animation.gif in Resources */ = {isa = PBXBuildFile; fileRef = BA0AA47A230E934000E2A21D /* animation.gif */; };
		BA199B6C2292F65000CD7C64 /* Main.storyboard in Resources */ = {isa = PBXBuildFile; fileRef = 8433BF4622766CA700EDC257 /* Main.storyboard */; };
		BA199B742292F70200CD7C64 /* note3.wav in Resources */ = {isa = PBXBuildFile; fileRef = BA199B6D2292F70200CD7C64 /* note3.wav */; };
		BA199B752292F70200CD7C64 /* note1.wav in Resources */ = {isa = PBXBuildFile; fileRef = BA199B6E2292F70200CD7C64 /* note1.wav */; };
		BA199B762292F70200CD7C64 /* note5.wav in Resources */ = {isa = PBXBuildFile; fileRef = BA199B6F2292F70200CD7C64 /* note5.wav */; };
		BA199B772292F70200CD7C64 /* note4.wav in Resources */ = {isa = PBXBuildFile; fileRef = BA199B702292F70200CD7C64 /* note4.wav */; };
		BA199B782292F70200CD7C64 /* note6.wav in Resources */ = {isa = PBXBuildFile; fileRef = BA199B712292F70200CD7C64 /* note6.wav */; };
		BA199B792292F70200CD7C64 /* note7.wav in Resources */ = {isa = PBXBuildFile; fileRef = BA199B722292F70200CD7C64 /* note7.wav */; };
		BA199B7A2292F70200CD7C64 /* note2.wav in Resources */ = {isa = PBXBuildFile; fileRef = BA199B732292F70200CD7C64 /* note2.wav */; };
		BA3554C423533779007BC724 /* SettingsBundleHelper.swift in Sources */ = {isa = PBXBuildFile; fileRef = BA3554C323533779007BC724 /* SettingsBundleHelper.swift */; };
		BA3554C62353379E007BC724 /* Settings.bundle in Resources */ = {isa = PBXBuildFile; fileRef = BA3554C52353379D007BC724 /* Settings.bundle */; };
		BA8A2C2823533B11002744CB /* Sounds.swift in Sources */ = {isa = PBXBuildFile; fileRef = BA8A2C2723533B11002744CB /* Sounds.swift */; };
		BA8A2C2A23533F85002744CB /* User.swift in Sources */ = {isa = PBXBuildFile; fileRef = BA8A2C2923533F85002744CB /* User.swift */; };
		BA94BCF922C38FB800D8157E /* Assets.xcassets in Resources */ = {isa = PBXBuildFile; fileRef = BA94BCF822C38FB800D8157E /* Assets.xcassets */; };
		BAC92D9522BA7B2B00D3B025 /* ColorPatternsTests.swift in Sources */ = {isa = PBXBuildFile; fileRef = BAC92D9422BA7B2B00D3B025 /* ColorPatternsTests.swift */; };
		BAD1026823526BF900A3276F /* Colors.swift in Sources */ = {isa = PBXBuildFile; fileRef = BAD1026723526BF900A3276F /* Colors.swift */; };
/* End PBXBuildFile section */

/* Begin PBXContainerItemProxy section */
		BAC92D9722BA7B2B00D3B025 /* PBXContainerItemProxy */ = {
			isa = PBXContainerItemProxy;
			containerPortal = 8433BF3722766CA700EDC257 /* Project object */;
			proxyType = 1;
			remoteGlobalIDString = 8433BF3E22766CA700EDC257;
			remoteInfo = ColorPatterns;
		};
/* End PBXContainerItemProxy section */

/* Begin PBXFileReference section */
		8433BF3F22766CA700EDC257 /* ColorPatterns.app */ = {isa = PBXFileReference; explicitFileType = wrapper.application; includeInIndex = 0; path = ColorPatterns.app; sourceTree = BUILT_PRODUCTS_DIR; };
		8433BF4222766CA700EDC257 /* AppDelegate.swift */ = {isa = PBXFileReference; lastKnownFileType = sourcecode.swift; path = AppDelegate.swift; sourceTree = "<group>"; };
		8433BF4422766CA700EDC257 /* ViewController.swift */ = {isa = PBXFileReference; lastKnownFileType = sourcecode.swift; path = ViewController.swift; sourceTree = "<group>"; };
		8433BF4722766CA700EDC257 /* Base */ = {isa = PBXFileReference; lastKnownFileType = file.storyboard; name = Base; path = Base.lproj/Main.storyboard; sourceTree = "<group>"; };
		8433BF4C22766CA800EDC257 /* Base */ = {isa = PBXFileReference; lastKnownFileType = file.storyboard; name = Base; path = Base.lproj/LaunchScreen.storyboard; sourceTree = "<group>"; };
		8433BF4E22766CA800EDC257 /* Info.plist */ = {isa = PBXFileReference; lastKnownFileType = text.plist.xml; path = Info.plist; sourceTree = "<group>"; };
		BA02700322BC491000846DDC /* README.md */ = {isa = PBXFileReference; fileEncoding = 4; lastKnownFileType = net.daringfireball.markdown; path = README.md; sourceTree = "<group>"; };
		BA0AA478230E810A00E2A21D /* logo.png */ = {isa = PBXFileReference; lastKnownFileType = image.png; path = logo.png; sourceTree = "<group>"; };
		BA0AA47A230E934000E2A21D /* animation.gif */ = {isa = PBXFileReference; lastKnownFileType = image.gif; path = animation.gif; sourceTree = "<group>"; };
		BA199B6D2292F70200CD7C64 /* note3.wav */ = {isa = PBXFileReference; lastKnownFileType = audio.wav; path = note3.wav; sourceTree = "<group>"; };
		BA199B6E2292F70200CD7C64 /* note1.wav */ = {isa = PBXFileReference; lastKnownFileType = audio.wav; path = note1.wav; sourceTree = "<group>"; };
		BA199B6F2292F70200CD7C64 /* note5.wav */ = {isa = PBXFileReference; lastKnownFileType = audio.wav; path = note5.wav; sourceTree = "<group>"; };
		BA199B702292F70200CD7C64 /* note4.wav */ = {isa = PBXFileReference; lastKnownFileType = audio.wav; path = note4.wav; sourceTree = "<group>"; };
		BA199B712292F70200CD7C64 /* note6.wav */ = {isa = PBXFileReference; lastKnownFileType = audio.wav; path = note6.wav; sourceTree = "<group>"; };
		BA199B722292F70200CD7C64 /* note7.wav */ = {isa = PBXFileReference; lastKnownFileType = audio.wav; path = note7.wav; sourceTree = "<group>"; };
		BA199B732292F70200CD7C64 /* note2.wav */ = {isa = PBXFileReference; lastKnownFileType = audio.wav; path = note2.wav; sourceTree = "<group>"; };
		BA3554C323533779007BC724 /* SettingsBundleHelper.swift */ = {isa = PBXFileReference; fileEncoding = 4; lastKnownFileType = sourcecode.swift; path = SettingsBundleHelper.swift; sourceTree = "<group>"; };
		BA3554C52353379D007BC724 /* Settings.bundle */ = {isa = PBXFileReference; lastKnownFileType = "wrapper.plug-in"; path = Settings.bundle; sourceTree = "<group>"; };
		BA8A2C2723533B11002744CB /* Sounds.swift */ = {isa = PBXFileReference; lastKnownFileType = sourcecode.swift; path = Sounds.swift; sourceTree = "<group>"; };
		BA8A2C2923533F85002744CB /* User.swift */ = {isa = PBXFileReference; lastKnownFileType = sourcecode.swift; path = User.swift; sourceTree = "<group>"; };
		BA94BCF822C38FB800D8157E /* Assets.xcassets */ = {isa = PBXFileReference; lastKnownFileType = folder.assetcatalog; path = Assets.xcassets; sourceTree = "<group>"; };
		BAB2923822C533EC00A4EBA5 /* UpdateColors.playground */ = {isa = PBXFileReference; lastKnownFileType = file.playground; path = UpdateColors.playground; sourceTree = "<group>"; xcLanguageSpecificationIdentifier = xcode.lang.swift; };
		BAC92D9222BA7B2B00D3B025 /* ColorPatternsTests.xctest */ = {isa = PBXFileReference; explicitFileType = wrapper.cfbundle; includeInIndex = 0; path = ColorPatternsTests.xctest; sourceTree = BUILT_PRODUCTS_DIR; };
		BAC92D9422BA7B2B00D3B025 /* ColorPatternsTests.swift */ = {isa = PBXFileReference; lastKnownFileType = sourcecode.swift; path = ColorPatternsTests.swift; sourceTree = "<group>"; };
		BAC92D9622BA7B2B00D3B025 /* Info.plist */ = {isa = PBXFileReference; lastKnownFileType = text.plist.xml; path = Info.plist; sourceTree = "<group>"; };
		BAD1026723526BF900A3276F /* Colors.swift */ = {isa = PBXFileReference; lastKnownFileType = sourcecode.swift; path = Colors.swift; sourceTree = "<group>"; };
/* End PBXFileReference section */

/* Begin PBXFrameworksBuildPhase section */
		8433BF3C22766CA700EDC257 /* Frameworks */ = {
			isa = PBXFrameworksBuildPhase;
			buildActionMask = 2147483647;
			files = (
			);
			runOnlyForDeploymentPostprocessing = 0;
		};
		BAC92D8F22BA7B2B00D3B025 /* Frameworks */ = {
			isa = PBXFrameworksBuildPhase;
			buildActionMask = 2147483647;
			files = (
			);
			runOnlyForDeploymentPostprocessing = 0;
		};
/* End PBXFrameworksBuildPhase section */

/* Begin PBXGroup section */
		8433BF3622766CA700EDC257 = {
			isa = PBXGroup;
			children = (
				BA02700322BC491000846DDC /* README.md */,
				BA2F742722C3597B007573FF /* Demo */,
				8433BF4122766CA700EDC257 /* ColorPatterns */,
				8433BF4022766CA700EDC257 /* Products */,
				BA199B7B2292F70D00CD7C64 /* Sounds */,
				BAC92D9322BA7B2B00D3B025 /* ColorPatternsTests */,
			);
			sourceTree = "<group>";
		};
		8433BF4022766CA700EDC257 /* Products */ = {
			isa = PBXGroup;
			children = (
				8433BF3F22766CA700EDC257 /* ColorPatterns.app */,
				BAC92D9222BA7B2B00D3B025 /* ColorPatternsTests.xctest */,
			);
			name = Products;
			sourceTree = "<group>";
		};
		8433BF4122766CA700EDC257 /* ColorPatterns */ = {
			isa = PBXGroup;
			children = (
				8433BF4222766CA700EDC257 /* AppDelegate.swift */,
				BAD1026623526BC000A3276F /* Model */,
				BA94BCF622C3844300D8157E /* View */,
				BA94BCF522C3841B00D8157E /* Controller */,
				BA503E3623532F8400CFA6F2 /* Settings */,
				BA94BCF722C3845600D8157E /* Supporting Files */,
				8433BF4E22766CA800EDC257 /* Info.plist */,
			);
			path = ColorPatterns;
			sourceTree = "<group>";
		};
		BA199B7B2292F70D00CD7C64 /* Sounds */ = {
			isa = PBXGroup;
			children = (
				BA199B6E2292F70200CD7C64 /* note1.wav */,
				BA199B732292F70200CD7C64 /* note2.wav */,
				BA199B6D2292F70200CD7C64 /* note3.wav */,
				BA199B702292F70200CD7C64 /* note4.wav */,
				BA199B6F2292F70200CD7C64 /* note5.wav */,
				BA199B712292F70200CD7C64 /* note6.wav */,
				BA199B722292F70200CD7C64 /* note7.wav */,
			);
			path = Sounds;
			sourceTree = "<group>";
		};
		BA2F742722C3597B007573FF /* Demo */ = {
			isa = PBXGroup;
			children = (
				BA0AA47A230E934000E2A21D /* animation.gif */,
				BA0AA478230E810A00E2A21D /* logo.png */,
			);
			path = Demo;
			sourceTree = "<group>";
		};
		BA503E3623532F8400CFA6F2 /* Settings */ = {
			isa = PBXGroup;
			children = (
				BA3554C323533779007BC724 /* SettingsBundleHelper.swift */,
				BA3554C52353379D007BC724 /* Settings.bundle */,
			);
			path = Settings;
			sourceTree = "<group>";
		};
		BA94BCF522C3841B00D8157E /* Controller */ = {
			isa = PBXGroup;
			children = (
				8433BF4422766CA700EDC257 /* ViewController.swift */,
			);
			path = Controller;
			sourceTree = "<group>";
		};
		BA94BCF622C3844300D8157E /* View */ = {
			isa = PBXGroup;
			children = (
				8433BF4622766CA700EDC257 /* Main.storyboard */,
			);
			path = View;
			sourceTree = "<group>";
		};
		BA94BCF722C3845600D8157E /* Supporting Files */ = {
			isa = PBXGroup;
			children = (
				BAB2923822C533EC00A4EBA5 /* UpdateColors.playground */,
				BA94BCF822C38FB800D8157E /* Assets.xcassets */,
				8433BF4B22766CA800EDC257 /* LaunchScreen.storyboard */,
			);
			path = "Supporting Files";
			sourceTree = "<group>";
		};
		BAC92D9322BA7B2B00D3B025 /* ColorPatternsTests */ = {
			isa = PBXGroup;
			children = (
				BAC92D9422BA7B2B00D3B025 /* ColorPatternsTests.swift */,
				BAC92D9622BA7B2B00D3B025 /* Info.plist */,
			);
			path = ColorPatternsTests;
			sourceTree = "<group>";
		};
		BAD1026623526BC000A3276F /* Model */ = {
			isa = PBXGroup;
			children = (
				BAD1026723526BF900A3276F /* Colors.swift */,
				BA8A2C2723533B11002744CB /* Sounds.swift */,
				BA8A2C2923533F85002744CB /* User.swift */,
			);
			path = Model;
			sourceTree = "<group>";
		};
/* End PBXGroup section */

/* Begin PBXNativeTarget section */
		8433BF3E22766CA700EDC257 /* ColorPatterns */ = {
			isa = PBXNativeTarget;
			buildConfigurationList = 8433BF5122766CA800EDC257 /* Build configuration list for PBXNativeTarget "ColorPatterns" */;
			buildPhases = (
				8433BF3B22766CA700EDC257 /* Sources */,
				8433BF3C22766CA700EDC257 /* Frameworks */,
				8433BF3D22766CA700EDC257 /* Resources */,
			);
			buildRules = (
			);
			dependencies = (
			);
			name = ColorPatterns;
			productName = ColorPatterns;
			productReference = 8433BF3F22766CA700EDC257 /* ColorPatterns.app */;
			productType = "com.apple.product-type.application";
		};
		BAC92D9122BA7B2B00D3B025 /* ColorPatternsTests */ = {
			isa = PBXNativeTarget;
			buildConfigurationList = BAC92D9B22BA7B2B00D3B025 /* Build configuration list for PBXNativeTarget "ColorPatternsTests" */;
			buildPhases = (
				BAC92D8E22BA7B2B00D3B025 /* Sources */,
				BAC92D8F22BA7B2B00D3B025 /* Frameworks */,
				BAC92D9022BA7B2B00D3B025 /* Resources */,
			);
			buildRules = (
			);
			dependencies = (
				BAC92D9822BA7B2B00D3B025 /* PBXTargetDependency */,
			);
			name = ColorPatternsTests;
			productName = ColorPatternsTests;
			productReference = BAC92D9222BA7B2B00D3B025 /* ColorPatternsTests.xctest */;
			productType = "com.apple.product-type.bundle.unit-test";
		};
/* End PBXNativeTarget section */

/* Begin PBXProject section */
		8433BF3722766CA700EDC257 /* Project object */ = {
			isa = PBXProject;
			attributes = {
				LastSwiftUpdateCheck = 1020;
				LastUpgradeCheck = 1010;
				ORGANIZATIONNAME = vandermesis;
				TargetAttributes = {
					8433BF3E22766CA700EDC257 = {
						CreatedOnToolsVersion = 10.1;
						LastSwiftMigration = 1020;
					};
					BAC92D9122BA7B2B00D3B025 = {
						CreatedOnToolsVersion = 10.2.1;
						TestTargetID = 8433BF3E22766CA700EDC257;
					};
				};
			};
			buildConfigurationList = 8433BF3A22766CA700EDC257 /* Build configuration list for PBXProject "ColorPatterns" */;
			compatibilityVersion = "Xcode 9.3";
			developmentRegion = en;
			hasScannedForEncodings = 0;
			knownRegions = (
				en,
				Base,
			);
			mainGroup = 8433BF3622766CA700EDC257;
			productRefGroup = 8433BF4022766CA700EDC257 /* Products */;
			projectDirPath = "";
			projectRoot = "";
			targets = (
				8433BF3E22766CA700EDC257 /* ColorPatterns */,
				BAC92D9122BA7B2B00D3B025 /* ColorPatternsTests */,
			);
		};
/* End PBXProject section */

/* Begin PBXResourcesBuildPhase section */
		8433BF3D22766CA700EDC257 /* Resources */ = {
			isa = PBXResourcesBuildPhase;
			buildActionMask = 2147483647;
			files = (
				BA199B792292F70200CD7C64 /* note7.wav in Resources */,
				BA0AA47B230E934000E2A21D /* animation.gif in Resources */,
				BA199B7A2292F70200CD7C64 /* note2.wav in Resources */,
				BA0AA479230E810A00E2A21D /* logo.png in Resources */,
				BA199B762292F70200CD7C64 /* note5.wav in Resources */,
				BA199B782292F70200CD7C64 /* note6.wav in Resources */,
				BA3554C62353379E007BC724 /* Settings.bundle in Resources */,
				BA199B6C2292F65000CD7C64 /* Main.storyboard in Resources */,
				BA94BCF922C38FB800D8157E /* Assets.xcassets in Resources */,
				BA199B772292F70200CD7C64 /* note4.wav in Resources */,
				8433BF4D22766CA800EDC257 /* LaunchScreen.storyboard in Resources */,
				BA199B742292F70200CD7C64 /* note3.wav in Resources */,
				BA199B752292F70200CD7C64 /* note1.wav in Resources */,
				BA02700422BC491000846DDC /* README.md in Resources */,
			);
			runOnlyForDeploymentPostprocessing = 0;
		};
		BAC92D9022BA7B2B00D3B025 /* Resources */ = {
			isa = PBXResourcesBuildPhase;
			buildActionMask = 2147483647;
			files = (
			);
			runOnlyForDeploymentPostprocessing = 0;
		};
/* End PBXResourcesBuildPhase section */

/* Begin PBXSourcesBuildPhase section */
		8433BF3B22766CA700EDC257 /* Sources */ = {
			isa = PBXSourcesBuildPhase;
			buildActionMask = 2147483647;
			files = (
				8433BF4522766CA700EDC257 /* ViewController.swift in Sources */,
				BAD1026823526BF900A3276F /* Colors.swift in Sources */,
				BA8A2C2A23533F85002744CB /* User.swift in Sources */,
				BA8A2C2823533B11002744CB /* Sounds.swift in Sources */,
				BA3554C423533779007BC724 /* SettingsBundleHelper.swift in Sources */,
				8433BF4322766CA700EDC257 /* AppDelegate.swift in Sources */,
			);
			runOnlyForDeploymentPostprocessing = 0;
		};
		BAC92D8E22BA7B2B00D3B025 /* Sources */ = {
			isa = PBXSourcesBuildPhase;
			buildActionMask = 2147483647;
			files = (
				BAC92D9522BA7B2B00D3B025 /* ColorPatternsTests.swift in Sources */,
			);
			runOnlyForDeploymentPostprocessing = 0;
		};
/* End PBXSourcesBuildPhase section */

/* Begin PBXTargetDependency section */
		BAC92D9822BA7B2B00D3B025 /* PBXTargetDependency */ = {
			isa = PBXTargetDependency;
			target = 8433BF3E22766CA700EDC257 /* ColorPatterns */;
			targetProxy = BAC92D9722BA7B2B00D3B025 /* PBXContainerItemProxy */;
		};
/* End PBXTargetDependency section */

/* Begin PBXVariantGroup section */
		8433BF4622766CA700EDC257 /* Main.storyboard */ = {
			isa = PBXVariantGroup;
			children = (
				8433BF4722766CA700EDC257 /* Base */,
			);
			name = Main.storyboard;
			sourceTree = "<group>";
		};
		8433BF4B22766CA800EDC257 /* LaunchScreen.storyboard */ = {
			isa = PBXVariantGroup;
			children = (
				8433BF4C22766CA800EDC257 /* Base */,
			);
			name = LaunchScreen.storyboard;
			sourceTree = "<group>";
		};
/* End PBXVariantGroup section */

/* Begin XCBuildConfiguration section */
		8433BF4F22766CA800EDC257 /* Debug */ = {
			isa = XCBuildConfiguration;
			buildSettings = {
				ALWAYS_SEARCH_USER_PATHS = NO;
				CLANG_ANALYZER_NONNULL = YES;
				CLANG_ANALYZER_NUMBER_OBJECT_CONVERSION = YES_AGGRESSIVE;
				CLANG_CXX_LANGUAGE_STANDARD = "gnu++14";
				CLANG_CXX_LIBRARY = "libc++";
				CLANG_ENABLE_MODULES = YES;
				CLANG_ENABLE_OBJC_ARC = YES;
				CLANG_ENABLE_OBJC_WEAK = YES;
				CLANG_WARN_BLOCK_CAPTURE_AUTORELEASING = YES;
				CLANG_WARN_BOOL_CONVERSION = YES;
				CLANG_WARN_COMMA = YES;
				CLANG_WARN_CONSTANT_CONVERSION = YES;
				CLANG_WARN_DEPRECATED_OBJC_IMPLEMENTATIONS = YES;
				CLANG_WARN_DIRECT_OBJC_ISA_USAGE = YES_ERROR;
				CLANG_WARN_DOCUMENTATION_COMMENTS = YES;
				CLANG_WARN_EMPTY_BODY = YES;
				CLANG_WARN_ENUM_CONVERSION = YES;
				CLANG_WARN_INFINITE_RECURSION = YES;
				CLANG_WARN_INT_CONVERSION = YES;
				CLANG_WARN_NON_LITERAL_NULL_CONVERSION = YES;
				CLANG_WARN_OBJC_IMPLICIT_RETAIN_SELF = YES;
				CLANG_WARN_OBJC_LITERAL_CONVERSION = YES;
				CLANG_WARN_OBJC_ROOT_CLASS = YES_ERROR;
				CLANG_WARN_RANGE_LOOP_ANALYSIS = YES;
				CLANG_WARN_STRICT_PROTOTYPES = YES;
				CLANG_WARN_SUSPICIOUS_MOVE = YES;
				CLANG_WARN_UNGUARDED_AVAILABILITY = YES_AGGRESSIVE;
				CLANG_WARN_UNREACHABLE_CODE = YES;
				CLANG_WARN__DUPLICATE_METHOD_MATCH = YES;
				CODE_SIGN_IDENTITY = "iPhone Developer";
				COPY_PHASE_STRIP = NO;
				DEBUG_INFORMATION_FORMAT = dwarf;
				ENABLE_STRICT_OBJC_MSGSEND = YES;
				ENABLE_TESTABILITY = YES;
				GCC_C_LANGUAGE_STANDARD = gnu11;
				GCC_DYNAMIC_NO_PIC = NO;
				GCC_NO_COMMON_BLOCKS = YES;
				GCC_OPTIMIZATION_LEVEL = 0;
				GCC_PREPROCESSOR_DEFINITIONS = (
					"DEBUG=1",
					"$(inherited)",
				);
				GCC_WARN_64_TO_32_BIT_CONVERSION = YES;
				GCC_WARN_ABOUT_RETURN_TYPE = YES_ERROR;
				GCC_WARN_UNDECLARED_SELECTOR = YES;
				GCC_WARN_UNINITIALIZED_AUTOS = YES_AGGRESSIVE;
				GCC_WARN_UNUSED_FUNCTION = YES;
				GCC_WARN_UNUSED_VARIABLE = YES;
				IPHONEOS_DEPLOYMENT_TARGET = 12.1;
				MTL_ENABLE_DEBUG_INFO = INCLUDE_SOURCE;
				MTL_FAST_MATH = YES;
				ONLY_ACTIVE_ARCH = YES;
				SDKROOT = iphoneos;
				SWIFT_ACTIVE_COMPILATION_CONDITIONS = DEBUG;
				SWIFT_OPTIMIZATION_LEVEL = "-Onone";
			};
			name = Debug;
		};
		8433BF5022766CA800EDC257 /* Release */ = {
			isa = XCBuildConfiguration;
			buildSettings = {
				ALWAYS_SEARCH_USER_PATHS = NO;
				CLANG_ANALYZER_NONNULL = YES;
				CLANG_ANALYZER_NUMBER_OBJECT_CONVERSION = YES_AGGRESSIVE;
				CLANG_CXX_LANGUAGE_STANDARD = "gnu++14";
				CLANG_CXX_LIBRARY = "libc++";
				CLANG_ENABLE_MODULES = YES;
				CLANG_ENABLE_OBJC_ARC = YES;
				CLANG_ENABLE_OBJC_WEAK = YES;
				CLANG_WARN_BLOCK_CAPTURE_AUTORELEASING = YES;
				CLANG_WARN_BOOL_CONVERSION = YES;
				CLANG_WARN_COMMA = YES;
				CLANG_WARN_CONSTANT_CONVERSION = YES;
				CLANG_WARN_DEPRECATED_OBJC_IMPLEMENTATIONS = YES;
				CLANG_WARN_DIRECT_OBJC_ISA_USAGE = YES_ERROR;
				CLANG_WARN_DOCUMENTATION_COMMENTS = YES;
				CLANG_WARN_EMPTY_BODY = YES;
				CLANG_WARN_ENUM_CONVERSION = YES;
				CLANG_WARN_INFINITE_RECURSION = YES;
				CLANG_WARN_INT_CONVERSION = YES;
				CLANG_WARN_NON_LITERAL_NULL_CONVERSION = YES;
				CLANG_WARN_OBJC_IMPLICIT_RETAIN_SELF = YES;
				CLANG_WARN_OBJC_LITERAL_CONVERSION = YES;
				CLANG_WARN_OBJC_ROOT_CLASS = YES_ERROR;
				CLANG_WARN_RANGE_LOOP_ANALYSIS = YES;
				CLANG_WARN_STRICT_PROTOTYPES = YES;
				CLANG_WARN_SUSPICIOUS_MOVE = YES;
				CLANG_WARN_UNGUARDED_AVAILABILITY = YES_AGGRESSIVE;
				CLANG_WARN_UNREACHABLE_CODE = YES;
				CLANG_WARN__DUPLICATE_METHOD_MATCH = YES;
				CODE_SIGN_IDENTITY = "iPhone Developer";
				COPY_PHASE_STRIP = NO;
				DEBUG_INFORMATION_FORMAT = "dwarf-with-dsym";
				ENABLE_NS_ASSERTIONS = NO;
				ENABLE_STRICT_OBJC_MSGSEND = YES;
				GCC_C_LANGUAGE_STANDARD = gnu11;
				GCC_NO_COMMON_BLOCKS = YES;
				GCC_WARN_64_TO_32_BIT_CONVERSION = YES;
				GCC_WARN_ABOUT_RETURN_TYPE = YES_ERROR;
				GCC_WARN_UNDECLARED_SELECTOR = YES;
				GCC_WARN_UNINITIALIZED_AUTOS = YES_AGGRESSIVE;
				GCC_WARN_UNUSED_FUNCTION = YES;
				GCC_WARN_UNUSED_VARIABLE = YES;
				IPHONEOS_DEPLOYMENT_TARGET = 12.1;
				MTL_ENABLE_DEBUG_INFO = NO;
				MTL_FAST_MATH = YES;
				SDKROOT = iphoneos;
				SWIFT_COMPILATION_MODE = wholemodule;
				SWIFT_OPTIMIZATION_LEVEL = "-O";
				VALIDATE_PRODUCT = YES;
			};
			name = Release;
		};
		8433BF5222766CA800EDC257 /* Debug */ = {
			isa = XCBuildConfiguration;
			buildSettings = {
				ASSETCATALOG_COMPILER_APPICON_NAME = AppIcon;
				CODE_SIGN_STYLE = Automatic;
				DEVELOPMENT_TEAM = 6H3JCHA3QJ;
				INFOPLIST_FILE = ColorPatterns/Info.plist;
				IPHONEOS_DEPLOYMENT_TARGET = 12.2;
				LD_RUNPATH_SEARCH_PATHS = (
					"$(inherited)",
					"@executable_path/Frameworks",
				);
				PRODUCT_BUNDLE_IDENTIFIER = com.vandermesis.ColorPatterns;
				PRODUCT_NAME = "$(TARGET_NAME)";
				SWIFT_VERSION = 5.0;
				TARGETED_DEVICE_FAMILY = 1;
			};
			name = Debug;
		};
		8433BF5322766CA800EDC257 /* Release */ = {
			isa = XCBuildConfiguration;
			buildSettings = {
				ASSETCATALOG_COMPILER_APPICON_NAME = AppIcon;
				CODE_SIGN_STYLE = Automatic;
				DEVELOPMENT_TEAM = 6H3JCHA3QJ;
				INFOPLIST_FILE = ColorPatterns/Info.plist;
				IPHONEOS_DEPLOYMENT_TARGET = 12.2;
				LD_RUNPATH_SEARCH_PATHS = (
					"$(inherited)",
					"@executable_path/Frameworks",
				);
				PRODUCT_BUNDLE_IDENTIFIER = com.vandermesis.ColorPatterns;
				PRODUCT_NAME = "$(TARGET_NAME)";
				SWIFT_VERSION = 5.0;
				TARGETED_DEVICE_FAMILY = 1;
			};
			name = Release;
		};
		BAC92D9922BA7B2B00D3B025 /* Debug */ = {
			isa = XCBuildConfiguration;
			buildSettings = {
				BUNDLE_LOADER = "$(TEST_HOST)";
				CODE_SIGN_STYLE = Automatic;
				DEVELOPMENT_TEAM = 6H3JCHA3QJ;
				INFOPLIST_FILE = ColorPatternsTests/Info.plist;
				IPHONEOS_DEPLOYMENT_TARGET = 12.2;
				LD_RUNPATH_SEARCH_PATHS = (
					"$(inherited)",
					"@executable_path/Frameworks",
					"@loader_path/Frameworks",
				);
				PRODUCT_BUNDLE_IDENTIFIER = com.vandermesis.ColorPatternsTests;
				PRODUCT_NAME = "$(TARGET_NAME)";
				SWIFT_VERSION = 5.0;
				TARGETED_DEVICE_FAMILY = "1,2";
				TEST_HOST = "$(BUILT_PRODUCTS_DIR)/ColorPatterns.app/ColorPatterns";
			};
			name = Debug;
		};
		BAC92D9A22BA7B2B00D3B025 /* Release */ = {
			isa = XCBuildConfiguration;
			buildSettings = {
				BUNDLE_LOADER = "$(TEST_HOST)";
				CODE_SIGN_STYLE = Automatic;
				DEVELOPMENT_TEAM = 6H3JCHA3QJ;
				INFOPLIST_FILE = ColorPatternsTests/Info.plist;
				IPHONEOS_DEPLOYMENT_TARGET = 12.2;
				LD_RUNPATH_SEARCH_PATHS = (
					"$(inherited)",
					"@executable_path/Frameworks",
					"@loader_path/Frameworks",
				);
				PRODUCT_BUNDLE_IDENTIFIER = com.vandermesis.ColorPatternsTests;
				PRODUCT_NAME = "$(TARGET_NAME)";
				SWIFT_VERSION = 5.0;
				TARGETED_DEVICE_FAMILY = "1,2";
				TEST_HOST = "$(BUILT_PRODUCTS_DIR)/ColorPatterns.app/ColorPatterns";
			};
			name = Release;
		};
/* End XCBuildConfiguration section */

/* Begin XCConfigurationList section */
		8433BF3A22766CA700EDC257 /* Build configuration list for PBXProject "ColorPatterns" */ = {
			isa = XCConfigurationList;
			buildConfigurations = (
				8433BF4F22766CA800EDC257 /* Debug */,
				8433BF5022766CA800EDC257 /* Release */,
			);
			defaultConfigurationIsVisible = 0;
			defaultConfigurationName = Release;
		};
		8433BF5122766CA800EDC257 /* Build configuration list for PBXNativeTarget "ColorPatterns" */ = {
			isa = XCConfigurationList;
			buildConfigurations = (
				8433BF5222766CA800EDC257 /* Debug */,
				8433BF5322766CA800EDC257 /* Release */,
			);
			defaultConfigurationIsVisible = 0;
			defaultConfigurationName = Release;
		};
		BAC92D9B22BA7B2B00D3B025 /* Build configuration list for PBXNativeTarget "ColorPatternsTests" */ = {
			isa = XCConfigurationList;
			buildConfigurations = (
				BAC92D9922BA7B2B00D3B025 /* Debug */,
				BAC92D9A22BA7B2B00D3B025 /* Release */,
			);
			defaultConfigurationIsVisible = 0;
			defaultConfigurationName = Release;
		};
/* End XCConfigurationList section */
	};
	rootObject = 8433BF3722766CA700EDC257 /* Project object */;
}
